// !$*UTF8*$!
{
	archiveVersion = 1;
	classes = {
	};
	objectVersion = 46;
	objects = {

/* Begin PBXBuildFile section */
		7054C5881B69B43B00699C00 /* LayerTableViewCell.m in Sources */ = {isa = PBXBuildFile; fileRef = 7054C5871B69B43B00699C00 /* LayerTableViewCell.m */; };
		70DB03C11B6852A400493BC2 /* main.m in Sources */ = {isa = PBXBuildFile; fileRef = 70DB03C01B6852A400493BC2 /* main.m */; };
		70DB03C41B6852A400493BC2 /* AppDelegate.m in Sources */ = {isa = PBXBuildFile; fileRef = 70DB03C31B6852A400493BC2 /* AppDelegate.m */; };
		70DB03C71B6852A400493BC2 /* ViewController.m in Sources */ = {isa = PBXBuildFile; fileRef = 70DB03C61B6852A400493BC2 /* ViewController.m */; };
		70DB03CA1B6852A400493BC2 /* Main.storyboard in Resources */ = {isa = PBXBuildFile; fileRef = 70DB03C81B6852A400493BC2 /* Main.storyboard */; };
		70DB03CC1B6852A400493BC2 /* Images.xcassets in Resources */ = {isa = PBXBuildFile; fileRef = 70DB03CB1B6852A400493BC2 /* Images.xcassets */; };
		70DB03DB1B6852A400493BC2 /* PSD_ExtractionTests.m in Sources */ = {isa = PBXBuildFile; fileRef = 70DB03DA1B6852A400493BC2 /* PSD_ExtractionTests.m */; };
		70DB03E51B6852E300493BC2 /* libc++.dylib in Frameworks */ = {isa = PBXBuildFile; fileRef = 70DB03E41B6852E300493BC2 /* libc++.dylib */; };
		70DB03E71B6852E700493BC2 /* libz.dylib in Frameworks */ = {isa = PBXBuildFile; fileRef = 70DB03E61B6852E700493BC2 /* libz.dylib */; };
		70DB03E91B6852EF00493BC2 /* SystemConfiguration.framework in Frameworks */ = {isa = PBXBuildFile; fileRef = 70DB03E81B6852EF00493BC2 /* SystemConfiguration.framework */; };
		70DB03EB1B6852F400493BC2 /* MobileCoreServices.framework in Frameworks */ = {isa = PBXBuildFile; fileRef = 70DB03EA1B6852F400493BC2 /* MobileCoreServices.framework */; };
		D4031AD81B6998470090D518 /* AdobeCreativeSDKAssetModel.framework in Frameworks */ = {isa = PBXBuildFile; fileRef = D4031AD41B6998470090D518 /* AdobeCreativeSDKAssetModel.framework */; };
		D4031AD91B6998470090D518 /* AdobeCreativeSDKAssetUX.framework in Frameworks */ = {isa = PBXBuildFile; fileRef = D4031AD51B6998470090D518 /* AdobeCreativeSDKAssetUX.framework */; };
		D4031ADA1B6998470090D518 /* AdobeCreativeSDKCommonUX.framework in Frameworks */ = {isa = PBXBuildFile; fileRef = D4031AD61B6998470090D518 /* AdobeCreativeSDKCommonUX.framework */; };
		D4031ADB1B6998470090D518 /* AdobeCreativeSDKCore.framework in Frameworks */ = {isa = PBXBuildFile; fileRef = D4031AD71B6998470090D518 /* AdobeCreativeSDKCore.framework */; };
		D4031AE31B6998CA0090D518 /* AdobeCreativeSDKCoreResources.bundle in Resources */ = {isa = PBXBuildFile; fileRef = D4031AE21B6998CA0090D518 /* AdobeCreativeSDKCoreResources.bundle */; };
		D4031AE51B69A44D0090D518 /* AdobeCreativeSDKAssetModelResources.bundle in Resources */ = {isa = PBXBuildFile; fileRef = D4031AE41B69A44D0090D518 /* AdobeCreativeSDKAssetModelResources.bundle */; };
		D4031AE71B69A45F0090D518 /* AdobeCreativeSDKAssetUXResources.bundle in Resources */ = {isa = PBXBuildFile; fileRef = D4031AE61B69A45F0090D518 /* AdobeCreativeSDKAssetUXResources.bundle */; };
		D4031AE91B69A47D0090D518 /* AdobeCreativeSDKCommonUXResources.bundle in Resources */ = {isa = PBXBuildFile; fileRef = D4031AE81B69A47D0090D518 /* AdobeCreativeSDKCommonUXResources.bundle */; };
/* End PBXBuildFile section */

/* Begin PBXContainerItemProxy section */
		70DB03D51B6852A400493BC2 /* PBXContainerItemProxy */ = {
			isa = PBXContainerItemProxy;
			containerPortal = 70DB03B31B6852A400493BC2 /* Project object */;
			proxyType = 1;
			remoteGlobalIDString = 70DB03BA1B6852A400493BC2;
			remoteInfo = "PSD Extraction";
		};
/* End PBXContainerItemProxy section */

/* Begin PBXFileReference section */
		7054C5861B69B43B00699C00 /* LayerTableViewCell.h */ = {isa = PBXFileReference; fileEncoding = 4; lastKnownFileType = sourcecode.c.h; path = LayerTableViewCell.h; sourceTree = "<group>"; };
		7054C5871B69B43B00699C00 /* LayerTableViewCell.m */ = {isa = PBXFileReference; fileEncoding = 4; lastKnownFileType = sourcecode.c.objc; path = LayerTableViewCell.m; sourceTree = "<group>"; };
		70DB03BB1B6852A400493BC2 /* PSD Extraction.app */ = {isa = PBXFileReference; explicitFileType = wrapper.application; includeInIndex = 0; path = "PSD Extraction.app"; sourceTree = BUILT_PRODUCTS_DIR; };
		70DB03BF1B6852A400493BC2 /* Info.plist */ = {isa = PBXFileReference; lastKnownFileType = text.plist.xml; path = Info.plist; sourceTree = "<group>"; };
		70DB03C01B6852A400493BC2 /* main.m */ = {isa = PBXFileReference; lastKnownFileType = sourcecode.c.objc; path = main.m; sourceTree = "<group>"; };
		70DB03C21B6852A400493BC2 /* AppDelegate.h */ = {isa = PBXFileReference; lastKnownFileType = sourcecode.c.h; path = AppDelegate.h; sourceTree = "<group>"; };
		70DB03C31B6852A400493BC2 /* AppDelegate.m */ = {isa = PBXFileReference; lastKnownFileType = sourcecode.c.objc; path = AppDelegate.m; sourceTree = "<group>"; };
		70DB03C51B6852A400493BC2 /* ViewController.h */ = {isa = PBXFileReference; lastKnownFileType = sourcecode.c.h; path = ViewController.h; sourceTree = "<group>"; };
		70DB03C61B6852A400493BC2 /* ViewController.m */ = {isa = PBXFileReference; lastKnownFileType = sourcecode.c.objc; path = ViewController.m; sourceTree = "<group>"; };
		70DB03C91B6852A400493BC2 /* Base */ = {isa = PBXFileReference; lastKnownFileType = file.storyboard; name = Base; path = Base.lproj/Main.storyboard; sourceTree = "<group>"; };
		70DB03CB1B6852A400493BC2 /* Images.xcassets */ = {isa = PBXFileReference; lastKnownFileType = folder.assetcatalog; path = Images.xcassets; sourceTree = "<group>"; };
		70DB03D41B6852A400493BC2 /* PSD ExtractionTests.xctest */ = {isa = PBXFileReference; explicitFileType = wrapper.cfbundle; includeInIndex = 0; path = "PSD ExtractionTests.xctest"; sourceTree = BUILT_PRODUCTS_DIR; };
		70DB03D91B6852A400493BC2 /* Info.plist */ = {isa = PBXFileReference; lastKnownFileType = text.plist.xml; path = Info.plist; sourceTree = "<group>"; };
		70DB03DA1B6852A400493BC2 /* PSD_ExtractionTests.m */ = {isa = PBXFileReference; lastKnownFileType = sourcecode.c.objc; path = PSD_ExtractionTests.m; sourceTree = "<group>"; };
		70DB03E41B6852E300493BC2 /* libc++.dylib */ = {isa = PBXFileReference; lastKnownFileType = "compiled.mach-o.dylib"; name = "libc++.dylib"; path = "usr/lib/libc++.dylib"; sourceTree = SDKROOT; };
		70DB03E61B6852E700493BC2 /* libz.dylib */ = {isa = PBXFileReference; lastKnownFileType = "compiled.mach-o.dylib"; name = libz.dylib; path = usr/lib/libz.dylib; sourceTree = SDKROOT; };
		70DB03E81B6852EF00493BC2 /* SystemConfiguration.framework */ = {isa = PBXFileReference; lastKnownFileType = wrapper.framework; name = SystemConfiguration.framework; path = System/Library/Frameworks/SystemConfiguration.framework; sourceTree = SDKROOT; };
		70DB03EA1B6852F400493BC2 /* MobileCoreServices.framework */ = {isa = PBXFileReference; lastKnownFileType = wrapper.framework; name = MobileCoreServices.framework; path = System/Library/Frameworks/MobileCoreServices.framework; sourceTree = SDKROOT; };
		D4031AD41B6998470090D518 /* AdobeCreativeSDKAssetModel.framework */ = {isa = PBXFileReference; lastKnownFileType = wrapper.framework; name = AdobeCreativeSDKAssetModel.framework; path = ../../../AdobeCreativeSDKFrameworks/AdobeCreativeSDKAssetModel.framework; sourceTree = "<group>"; };
		D4031AD51B6998470090D518 /* AdobeCreativeSDKAssetUX.framework */ = {isa = PBXFileReference; lastKnownFileType = wrapper.framework; name = AdobeCreativeSDKAssetUX.framework; path = ../../../AdobeCreativeSDKFrameworks/AdobeCreativeSDKAssetUX.framework; sourceTree = "<group>"; };
		D4031AD61B6998470090D518 /* AdobeCreativeSDKCommonUX.framework */ = {isa = PBXFileReference; lastKnownFileType = wrapper.framework; name = AdobeCreativeSDKCommonUX.framework; path = ../../../AdobeCreativeSDKFrameworks/AdobeCreativeSDKCommonUX.framework; sourceTree = "<group>"; };
		D4031AD71B6998470090D518 /* AdobeCreativeSDKCore.framework */ = {isa = PBXFileReference; lastKnownFileType = wrapper.framework; name = AdobeCreativeSDKCore.framework; path = ../../../AdobeCreativeSDKFrameworks/AdobeCreativeSDKCore.framework; sourceTree = "<group>"; };
		D4031AE21B6998CA0090D518 /* AdobeCreativeSDKCoreResources.bundle */ = {isa = PBXFileReference; lastKnownFileType = "wrapper.plug-in"; name = AdobeCreativeSDKCoreResources.bundle; path = ../../../AdobeCreativeSDKFrameworks/AdobeCreativeSDKCore.framework/Versions/A/Resources/AdobeCreativeSDKCoreResources.bundle; sourceTree = "<group>"; };
		D4031AE41B69A44D0090D518 /* AdobeCreativeSDKAssetModelResources.bundle */ = {isa = PBXFileReference; lastKnownFileType = "wrapper.plug-in"; name = AdobeCreativeSDKAssetModelResources.bundle; path = ../../../AdobeCreativeSDKFrameworks/AdobeCreativeSDKAssetModel.framework/Versions/A/Resources/AdobeCreativeSDKAssetModelResources.bundle; sourceTree = "<group>"; };
		D4031AE61B69A45F0090D518 /* AdobeCreativeSDKAssetUXResources.bundle */ = {isa = PBXFileReference; lastKnownFileType = "wrapper.plug-in"; name = AdobeCreativeSDKAssetUXResources.bundle; path = ../../../AdobeCreativeSDKFrameworks/AdobeCreativeSDKAssetUX.framework/Versions/A/Resources/AdobeCreativeSDKAssetUXResources.bundle; sourceTree = "<group>"; };
		D4031AE81B69A47D0090D518 /* AdobeCreativeSDKCommonUXResources.bundle */ = {isa = PBXFileReference; lastKnownFileType = "wrapper.plug-in"; name = AdobeCreativeSDKCommonUXResources.bundle; path = ../../../AdobeCreativeSDKFrameworks/AdobeCreativeSDKCommonUX.framework/Versions/A/Resources/AdobeCreativeSDKCommonUXResources.bundle; sourceTree = "<group>"; };
/* End PBXFileReference section */

/* Begin PBXFrameworksBuildPhase section */
		70DB03B81B6852A400493BC2 /* Frameworks */ = {
			isa = PBXFrameworksBuildPhase;
			buildActionMask = 2147483647;
			files = (
				D4031AD81B6998470090D518 /* AdobeCreativeSDKAssetModel.framework in Frameworks */,
				D4031AD91B6998470090D518 /* AdobeCreativeSDKAssetUX.framework in Frameworks */,
				D4031ADA1B6998470090D518 /* AdobeCreativeSDKCommonUX.framework in Frameworks */,
				D4031ADB1B6998470090D518 /* AdobeCreativeSDKCore.framework in Frameworks */,
				70DB03EB1B6852F400493BC2 /* MobileCoreServices.framework in Frameworks */,
				70DB03E91B6852EF00493BC2 /* SystemConfiguration.framework in Frameworks */,
				70DB03E51B6852E300493BC2 /* libc++.dylib in Frameworks */,
				70DB03E71B6852E700493BC2 /* libz.dylib in Frameworks */,
			);
			runOnlyForDeploymentPostprocessing = 0;
		};
		70DB03D11B6852A400493BC2 /* Frameworks */ = {
			isa = PBXFrameworksBuildPhase;
			buildActionMask = 2147483647;
			files = (
			);
			runOnlyForDeploymentPostprocessing = 0;
		};
/* End PBXFrameworksBuildPhase section */

/* Begin PBXGroup section */
		70DB03B21B6852A400493BC2 = {
			isa = PBXGroup;
			children = (
				D4031AE81B69A47D0090D518 /* AdobeCreativeSDKCommonUXResources.bundle */,
				D4031AE61B69A45F0090D518 /* AdobeCreativeSDKAssetUXResources.bundle */,
				D4031AE41B69A44D0090D518 /* AdobeCreativeSDKAssetModelResources.bundle */,
				D4031AE21B6998CA0090D518 /* AdobeCreativeSDKCoreResources.bundle */,
				D4031AD41B6998470090D518 /* AdobeCreativeSDKAssetModel.framework */,
				D4031AD51B6998470090D518 /* AdobeCreativeSDKAssetUX.framework */,
				D4031AD61B6998470090D518 /* AdobeCreativeSDKCommonUX.framework */,
				D4031AD71B6998470090D518 /* AdobeCreativeSDKCore.framework */,
				70DB03BD1B6852A400493BC2 /* PSD Extraction */,
				70DB03D71B6852A400493BC2 /* PSD ExtractionTests */,
				70DB03BC1B6852A400493BC2 /* Products */,
			);
			sourceTree = "<group>";
		};
		70DB03BC1B6852A400493BC2 /* Products */ = {
			isa = PBXGroup;
			children = (
				70DB03BB1B6852A400493BC2 /* PSD Extraction.app */,
				70DB03D41B6852A400493BC2 /* PSD ExtractionTests.xctest */,
			);
			name = Products;
			sourceTree = "<group>";
		};
		70DB03BD1B6852A400493BC2 /* PSD Extraction */ = {
			isa = PBXGroup;
			children = (
				70DB03C21B6852A400493BC2 /* AppDelegate.h */,
				70DB03C31B6852A400493BC2 /* AppDelegate.m */,
				7054C5861B69B43B00699C00 /* LayerTableViewCell.h */,
				7054C5871B69B43B00699C00 /* LayerTableViewCell.m */,
				70DB03C51B6852A400493BC2 /* ViewController.h */,
				70DB03C61B6852A400493BC2 /* ViewController.m */,
				70DB03C81B6852A400493BC2 /* Main.storyboard */,
				70DB03CB1B6852A400493BC2 /* Images.xcassets */,
				70DB03BE1B6852A400493BC2 /* Supporting Files */,
			);
			path = "PSD Extraction";
			sourceTree = "<group>";
		};
		70DB03BE1B6852A400493BC2 /* Supporting Files */ = {
			isa = PBXGroup;
			children = (
				70DB03EC1B6852FB00493BC2 /* Liked Libraries */,
				70DB03BF1B6852A400493BC2 /* Info.plist */,
				70DB03C01B6852A400493BC2 /* main.m */,
			);
			name = "Supporting Files";
			sourceTree = "<group>";
		};
		70DB03D71B6852A400493BC2 /* PSD ExtractionTests */ = {
			isa = PBXGroup;
			children = (
				70DB03DA1B6852A400493BC2 /* PSD_ExtractionTests.m */,
				70DB03D81B6852A400493BC2 /* Supporting Files */,
			);
			path = "PSD ExtractionTests";
			sourceTree = "<group>";
		};
		70DB03D81B6852A400493BC2 /* Supporting Files */ = {
			isa = PBXGroup;
			children = (
				70DB03D91B6852A400493BC2 /* Info.plist */,
			);
			name = "Supporting Files";
			sourceTree = "<group>";
		};
		70DB03EC1B6852FB00493BC2 /* Liked Libraries */ = {
			isa = PBXGroup;
			children = (
				70DB03EA1B6852F400493BC2 /* MobileCoreServices.framework */,
				70DB03E81B6852EF00493BC2 /* SystemConfiguration.framework */,
				70DB03E61B6852E700493BC2 /* libz.dylib */,
				70DB03E41B6852E300493BC2 /* libc++.dylib */,
			);
			name = "Liked Libraries";
			path = ..;
			sourceTree = "<group>";
		};
/* End PBXGroup section */

/* Begin PBXNativeTarget section */
		70DB03BA1B6852A400493BC2 /* PSD Extraction */ = {
			isa = PBXNativeTarget;
			buildConfigurationList = 70DB03DE1B6852A400493BC2 /* Build configuration list for PBXNativeTarget "PSD Extraction" */;
			buildPhases = (
				70DB03B71B6852A400493BC2 /* Sources */,
				70DB03B81B6852A400493BC2 /* Frameworks */,
				70DB03B91B6852A400493BC2 /* Resources */,
			);
			buildRules = (
			);
			dependencies = (
			);
			name = "PSD Extraction";
			productName = "PSD Extraction";
			productReference = 70DB03BB1B6852A400493BC2 /* PSD Extraction.app */;
			productType = "com.apple.product-type.application";
		};
		70DB03D31B6852A400493BC2 /* PSD ExtractionTests */ = {
			isa = PBXNativeTarget;
			buildConfigurationList = 70DB03E11B6852A400493BC2 /* Build configuration list for PBXNativeTarget "PSD ExtractionTests" */;
			buildPhases = (
				70DB03D01B6852A400493BC2 /* Sources */,
				70DB03D11B6852A400493BC2 /* Frameworks */,
				70DB03D21B6852A400493BC2 /* Resources */,
			);
			buildRules = (
			);
			dependencies = (
				70DB03D61B6852A400493BC2 /* PBXTargetDependency */,
			);
			name = "PSD ExtractionTests";
			productName = "PSD ExtractionTests";
			productReference = 70DB03D41B6852A400493BC2 /* PSD ExtractionTests.xctest */;
			productType = "com.apple.product-type.bundle.unit-test";
		};
/* End PBXNativeTarget section */

/* Begin PBXProject section */
		70DB03B31B6852A400493BC2 /* Project object */ = {
			isa = PBXProject;
			attributes = {
				LastUpgradeCheck = 0610;
				ORGANIZATIONNAME = Adobe;
				TargetAttributes = {
					70DB03BA1B6852A400493BC2 = {
						CreatedOnToolsVersion = 6.1.1;
					};
					70DB03D31B6852A400493BC2 = {
						CreatedOnToolsVersion = 6.1.1;
						TestTargetID = 70DB03BA1B6852A400493BC2;
					};
				};
			};
			buildConfigurationList = 70DB03B61B6852A400493BC2 /* Build configuration list for PBXProject "PSD Extraction" */;
			compatibilityVersion = "Xcode 3.2";
			developmentRegion = English;
			hasScannedForEncodings = 0;
			knownRegions = (
				en,
				Base,
			);
			mainGroup = 70DB03B21B6852A400493BC2;
			productRefGroup = 70DB03BC1B6852A400493BC2 /* Products */;
			projectDirPath = "";
			projectRoot = "";
			targets = (
				70DB03BA1B6852A400493BC2 /* PSD Extraction */,
				70DB03D31B6852A400493BC2 /* PSD ExtractionTests */,
			);
		};
/* End PBXProject section */

/* Begin PBXResourcesBuildPhase section */
		70DB03B91B6852A400493BC2 /* Resources */ = {
			isa = PBXResourcesBuildPhase;
			buildActionMask = 2147483647;
			files = (
				D4031AE91B69A47D0090D518 /* AdobeCreativeSDKCommonUXResources.bundle in Resources */,
				D4031AE71B69A45F0090D518 /* AdobeCreativeSDKAssetUXResources.bundle in Resources */,
				D4031AE51B69A44D0090D518 /* AdobeCreativeSDKAssetModelResources.bundle in Resources */,
				D4031AE31B6998CA0090D518 /* AdobeCreativeSDKCoreResources.bundle in Resources */,
				70DB03CA1B6852A400493BC2 /* Main.storyboard in Resources */,
				70DB03CC1B6852A400493BC2 /* Images.xcassets in Resources */,
			);
			runOnlyForDeploymentPostprocessing = 0;
		};
		70DB03D21B6852A400493BC2 /* Resources */ = {
			isa = PBXResourcesBuildPhase;
			buildActionMask = 2147483647;
			files = (
			);
			runOnlyForDeploymentPostprocessing = 0;
		};
/* End PBXResourcesBuildPhase section */

/* Begin PBXSourcesBuildPhase section */
		70DB03B71B6852A400493BC2 /* Sources */ = {
			isa = PBXSourcesBuildPhase;
			buildActionMask = 2147483647;
			files = (
				70DB03C71B6852A400493BC2 /* ViewController.m in Sources */,
				70DB03C41B6852A400493BC2 /* AppDelegate.m in Sources */,
				70DB03C11B6852A400493BC2 /* main.m in Sources */,
				7054C5881B69B43B00699C00 /* LayerTableViewCell.m in Sources */,
			);
			runOnlyForDeploymentPostprocessing = 0;
		};
		70DB03D01B6852A400493BC2 /* Sources */ = {
			isa = PBXSourcesBuildPhase;
			buildActionMask = 2147483647;
			files = (
				70DB03DB1B6852A400493BC2 /* PSD_ExtractionTests.m in Sources */,
			);
			runOnlyForDeploymentPostprocessing = 0;
		};
/* End PBXSourcesBuildPhase section */

/* Begin PBXTargetDependency section */
		70DB03D61B6852A400493BC2 /* PBXTargetDependency */ = {
			isa = PBXTargetDependency;
			target = 70DB03BA1B6852A400493BC2 /* PSD Extraction */;
			targetProxy = 70DB03D51B6852A400493BC2 /* PBXContainerItemProxy */;
		};
/* End PBXTargetDependency section */

/* Begin PBXVariantGroup section */
		70DB03C81B6852A400493BC2 /* Main.storyboard */ = {
			isa = PBXVariantGroup;
			children = (
				70DB03C91B6852A400493BC2 /* Base */,
			);
			name = Main.storyboard;
			sourceTree = "<group>";
		};
/* End PBXVariantGroup section */

/* Begin XCBuildConfiguration section */
		70DB03DC1B6852A400493BC2 /* Debug */ = {
			isa = XCBuildConfiguration;
			buildSettings = {
				ALWAYS_SEARCH_USER_PATHS = NO;
				CLANG_CXX_LANGUAGE_STANDARD = "gnu++0x";
				CLANG_CXX_LIBRARY = "libc++";
				CLANG_ENABLE_MODULES = YES;
				CLANG_ENABLE_OBJC_ARC = YES;
				CLANG_WARN_BOOL_CONVERSION = YES;
				CLANG_WARN_CONSTANT_CONVERSION = YES;
				CLANG_WARN_DIRECT_OBJC_ISA_USAGE = YES_ERROR;
				CLANG_WARN_EMPTY_BODY = YES;
				CLANG_WARN_ENUM_CONVERSION = YES;
				CLANG_WARN_INT_CONVERSION = YES;
				CLANG_WARN_OBJC_ROOT_CLASS = YES_ERROR;
				CLANG_WARN_UNREACHABLE_CODE = YES;
				CLANG_WARN__DUPLICATE_METHOD_MATCH = YES;
				"CODE_SIGN_IDENTITY[sdk=iphoneos*]" = "iPhone Developer";
				COPY_PHASE_STRIP = NO;
				ENABLE_STRICT_OBJC_MSGSEND = YES;
				GCC_C_LANGUAGE_STANDARD = gnu99;
				GCC_DYNAMIC_NO_PIC = NO;
				GCC_OPTIMIZATION_LEVEL = 0;
				GCC_PREPROCESSOR_DEFINITIONS = (
					"DEBUG=1",
					"$(inherited)",
				);
				GCC_SYMBOLS_PRIVATE_EXTERN = NO;
				GCC_WARN_64_TO_32_BIT_CONVERSION = YES;
				GCC_WARN_ABOUT_RETURN_TYPE = YES_ERROR;
				GCC_WARN_UNDECLARED_SELECTOR = YES;
				GCC_WARN_UNINITIALIZED_AUTOS = YES_AGGRESSIVE;
				GCC_WARN_UNUSED_FUNCTION = YES;
				GCC_WARN_UNUSED_VARIABLE = YES;
				IPHONEOS_DEPLOYMENT_TARGET = 8.1;
				MTL_ENABLE_DEBUG_INFO = YES;
				ONLY_ACTIVE_ARCH = YES;
				SDKROOT = iphoneos;
				TARGETED_DEVICE_FAMILY = 2;
			};
			name = Debug;
		};
		70DB03DD1B6852A400493BC2 /* Release */ = {
			isa = XCBuildConfiguration;
			buildSettings = {
				ALWAYS_SEARCH_USER_PATHS = NO;
				CLANG_CXX_LANGUAGE_STANDARD = "gnu++0x";
				CLANG_CXX_LIBRARY = "libc++";
				CLANG_ENABLE_MODULES = YES;
				CLANG_ENABLE_OBJC_ARC = YES;
				CLANG_WARN_BOOL_CONVERSION = YES;
				CLANG_WARN_CONSTANT_CONVERSION = YES;
				CLANG_WARN_DIRECT_OBJC_ISA_USAGE = YES_ERROR;
				CLANG_WARN_EMPTY_BODY = YES;
				CLANG_WARN_ENUM_CONVERSION = YES;
				CLANG_WARN_INT_CONVERSION = YES;
				CLANG_WARN_OBJC_ROOT_CLASS = YES_ERROR;
				CLANG_WARN_UNREACHABLE_CODE = YES;
				CLANG_WARN__DUPLICATE_METHOD_MATCH = YES;
				"CODE_SIGN_IDENTITY[sdk=iphoneos*]" = "iPhone Developer";
				COPY_PHASE_STRIP = YES;
				ENABLE_NS_ASSERTIONS = NO;
				ENABLE_STRICT_OBJC_MSGSEND = YES;
				GCC_C_LANGUAGE_STANDARD = gnu99;
				GCC_WARN_64_TO_32_BIT_CONVERSION = YES;
				GCC_WARN_ABOUT_RETURN_TYPE = YES_ERROR;
				GCC_WARN_UNDECLARED_SELECTOR = YES;
				GCC_WARN_UNINITIALIZED_AUTOS = YES_AGGRESSIVE;
				GCC_WARN_UNUSED_FUNCTION = YES;
				GCC_WARN_UNUSED_VARIABLE = YES;
				IPHONEOS_DEPLOYMENT_TARGET = 8.1;
				MTL_ENABLE_DEBUG_INFO = NO;
				SDKROOT = iphoneos;
				TARGETED_DEVICE_FAMILY = 2;
				VALIDATE_PRODUCT = YES;
			};
			name = Release;
		};
		70DB03DF1B6852A400493BC2 /* Debug */ = {
			isa = XCBuildConfiguration;
			buildSettings = {
				ASSETCATALOG_COMPILER_APPICON_NAME = AppIcon;
				ASSETCATALOG_COMPILER_LAUNCHIMAGE_NAME = LaunchImage;
				FRAMEWORK_SEARCH_PATHS = (
					"$(inherited)",
					"$(PROJECT_DIR)",
					../../../AdobeCreativeSDKFrameworks,
				);
				GCC_PREPROCESSOR_DEFINITIONS = (
					"$(inherited)",
					"USE_CSDK_COMPONENTS=1",
				);
				INFOPLIST_FILE = "PSD Extraction/Info.plist";
				IPHONEOS_DEPLOYMENT_TARGET = 7.1;
				LD_RUNPATH_SEARCH_PATHS = "$(inherited) @executable_path/Frameworks";
				OTHER_LDFLAGS = "-ObjC";
				PRODUCT_NAME = "$(TARGET_NAME)";
			};
			name = Debug;
		};
		70DB03E01B6852A400493BC2 /* Release */ = {
			isa = XCBuildConfiguration;
			buildSettings = {
				ASSETCATALOG_COMPILER_APPICON_NAME = AppIcon;
				ASSETCATALOG_COMPILER_LAUNCHIMAGE_NAME = LaunchImage;
				FRAMEWORK_SEARCH_PATHS = (
					"$(inherited)",
					"$(PROJECT_DIR)",
					../../../AdobeCreativeSDKFrameworks,
				);
				GCC_PREPROCESSOR_DEFINITIONS = "USE_CSDK_COMPONENTS=1";
				INFOPLIST_FILE = "PSD Extraction/Info.plist";
				IPHONEOS_DEPLOYMENT_TARGET = 7.1;
				LD_RUNPATH_SEARCH_PATHS = "$(inherited) @executable_path/Frameworks";
				OTHER_LDFLAGS = "-ObjC";
				PRODUCT_NAME = "$(TARGET_NAME)";
			};
			name = Release;
		};
		70DB03E21B6852A400493BC2 /* Debug */ = {
			isa = XCBuildConfiguration;
			buildSettings = {
				BUNDLE_LOADER = "$(TEST_HOST)";
				FRAMEWORK_SEARCH_PATHS = (
					"$(SDKROOT)/Developer/Library/Frameworks",
					"$(inherited)",
				);
				GCC_PREPROCESSOR_DEFINITIONS = (
					"DEBUG=1",
					"$(inherited)",
				);
				INFOPLIST_FILE = "PSD ExtractionTests/Info.plist";
				LD_RUNPATH_SEARCH_PATHS = "$(inherited) @executable_path/Frameworks @loader_path/Frameworks";
				PRODUCT_NAME = "$(TARGET_NAME)";
				TEST_HOST = "$(BUILT_PRODUCTS_DIR)/PSD Extraction.app/PSD Extraction";
			};
			name = Debug;
		};
		70DB03E31B6852A400493BC2 /* Release */ = {
			isa = XCBuildConfiguration;
			buildSettings = {
				BUNDLE_LOADER = "$(TEST_HOST)";
				FRAMEWORK_SEARCH_PATHS = (
					"$(SDKROOT)/Developer/Library/Frameworks",
					"$(inherited)",
				);
				INFOPLIST_FILE = "PSD ExtractionTests/Info.plist";
				LD_RUNPATH_SEARCH_PATHS = "$(inherited) @executable_path/Frameworks @loader_path/Frameworks";
				PRODUCT_NAME = "$(TARGET_NAME)";
				TEST_HOST = "$(BUILT_PRODUCTS_DIR)/PSD Extraction.app/PSD Extraction";
			};
			name = Release;
		};
/* End XCBuildConfiguration section */

/* Begin XCConfigurationList section */
		70DB03B61B6852A400493BC2 /* Build configuration list for PBXProject "PSD Extraction" */ = {
			isa = XCConfigurationList;
			buildConfigurations = (
				70DB03DC1B6852A400493BC2 /* Debug */,
				70DB03DD1B6852A400493BC2 /* Release */,
			);
			defaultConfigurationIsVisible = 0;
			defaultConfigurationName = Release;
		};
		70DB03DE1B6852A400493BC2 /* Build configuration list for PBXNativeTarget "PSD Extraction" */ = {
			isa = XCConfigurationList;
			buildConfigurations = (
				70DB03DF1B6852A400493BC2 /* Debug */,
				70DB03E01B6852A400493BC2 /* Release */,
			);
			defaultConfigurationIsVisible = 0;
			defaultConfigurationName = Release;
		};
		70DB03E11B6852A400493BC2 /* Build configuration list for PBXNativeTarget "PSD ExtractionTests" */ = {
			isa = XCConfigurationList;
			buildConfigurations = (
				70DB03E21B6852A400493BC2 /* Debug */,
				70DB03E31B6852A400493BC2 /* Release */,
			);
			defaultConfigurationIsVisible = 0;
			defaultConfigurationName = Release;
		};
/* End XCConfigurationList section */
	};
	rootObject = 70DB03B31B6852A400493BC2 /* Project object */;
}
