// !$*UTF8*$!
{
	archiveVersion = 1;
	classes = {
	};
	objectVersion = 46;
	objects = {

/* Begin PBXBuildFile section */
		70DCB8B71C2A117000205FBE /* main.m in Sources */ = {isa = PBXBuildFile; fileRef = 70DCB8B61C2A117000205FBE /* main.m */; };
		70DCB8BA1C2A117000205FBE /* AppDelegate.m in Sources */ = {isa = PBXBuildFile; fileRef = 70DCB8B91C2A117000205FBE /* AppDelegate.m */; };
		70DCB8BD1C2A117000205FBE /* ViewController.m in Sources */ = {isa = PBXBuildFile; fileRef = 70DCB8BC1C2A117000205FBE /* ViewController.m */; };
		70DCB8C01C2A117000205FBE /* Main.storyboard in Resources */ = {isa = PBXBuildFile; fileRef = 70DCB8BE1C2A117000205FBE /* Main.storyboard */; };
		70DCB8C21C2A117000205FBE /* Assets.xcassets in Resources */ = {isa = PBXBuildFile; fileRef = 70DCB8C11C2A117000205FBE /* Assets.xcassets */; };
		70DCB8C51C2A117000205FBE /* LaunchScreen.storyboard in Resources */ = {isa = PBXBuildFile; fileRef = 70DCB8C31C2A117000205FBE /* LaunchScreen.storyboard */; };
		70DCB8CD1C2A125300205FBE /* libc++.tbd in Frameworks */ = {isa = PBXBuildFile; fileRef = 70DCB8CC1C2A125300205FBE /* libc++.tbd */; };
		70DCB8CF1C2A125B00205FBE /* libz.tbd in Frameworks */ = {isa = PBXBuildFile; fileRef = 70DCB8CE1C2A125B00205FBE /* libz.tbd */; };
		70DCB8D11C2A126000205FBE /* SystemConfiguration.framework in Frameworks */ = {isa = PBXBuildFile; fileRef = 70DCB8D01C2A126000205FBE /* SystemConfiguration.framework */; };
		70DCB8D31C2A126400205FBE /* MobileCoreServices.framework in Frameworks */ = {isa = PBXBuildFile; fileRef = 70DCB8D21C2A126400205FBE /* MobileCoreServices.framework */; };
		FEB26F421D6FA8AA006F69C7 /* AdobeCreativeSDKAssetModel.framework in Frameworks */ = {isa = PBXBuildFile; fileRef = FEB26F3C1D6FA89C006F69C7 /* AdobeCreativeSDKAssetModel.framework */; };
		FEB26F431D6FA8AA006F69C7 /* AdobeCreativeSDKAssetModel.framework in Embed Frameworks */ = {isa = PBXBuildFile; fileRef = FEB26F3C1D6FA89C006F69C7 /* AdobeCreativeSDKAssetModel.framework */; settings = {ATTRIBUTES = (CodeSignOnCopy, RemoveHeadersOnCopy, ); }; };
		FEB26F441D6FA8AA006F69C7 /* AdobeCreativeSDKCommonUX.framework in Frameworks */ = {isa = PBXBuildFile; fileRef = FEB26F3D1D6FA89C006F69C7 /* AdobeCreativeSDKCommonUX.framework */; };
		FEB26F451D6FA8AA006F69C7 /* AdobeCreativeSDKCommonUX.framework in Embed Frameworks */ = {isa = PBXBuildFile; fileRef = FEB26F3D1D6FA89C006F69C7 /* AdobeCreativeSDKCommonUX.framework */; settings = {ATTRIBUTES = (CodeSignOnCopy, RemoveHeadersOnCopy, ); }; };
		FEB26F461D6FA8AA006F69C7 /* AdobeCreativeSDKCore.framework in Frameworks */ = {isa = PBXBuildFile; fileRef = FEB26F3E1D6FA89C006F69C7 /* AdobeCreativeSDKCore.framework */; };
		FEB26F471D6FA8AA006F69C7 /* AdobeCreativeSDKCore.framework in Embed Frameworks */ = {isa = PBXBuildFile; fileRef = FEB26F3E1D6FA89C006F69C7 /* AdobeCreativeSDKCore.framework */; settings = {ATTRIBUTES = (CodeSignOnCopy, RemoveHeadersOnCopy, ); }; };
/* End PBXBuildFile section */

/* Begin PBXCopyFilesBuildPhase section */
		FEB26F481D6FA8AA006F69C7 /* Embed Frameworks */ = {
			isa = PBXCopyFilesBuildPhase;
			buildActionMask = 2147483647;
			dstPath = "";
			dstSubfolderSpec = 10;
			files = (
				FEB26F471D6FA8AA006F69C7 /* AdobeCreativeSDKCore.framework in Embed Frameworks */,
				FEB26F451D6FA8AA006F69C7 /* AdobeCreativeSDKCommonUX.framework in Embed Frameworks */,
				FEB26F431D6FA8AA006F69C7 /* AdobeCreativeSDKAssetModel.framework in Embed Frameworks */,
			);
			name = "Embed Frameworks";
			runOnlyForDeploymentPostprocessing = 0;
		};
/* End PBXCopyFilesBuildPhase section */

/* Begin PBXFileReference section */
		70DCB8B21C2A117000205FBE /* File Upload.app */ = {isa = PBXFileReference; explicitFileType = wrapper.application; includeInIndex = 0; path = "File Upload.app"; sourceTree = BUILT_PRODUCTS_DIR; };
		70DCB8B61C2A117000205FBE /* main.m */ = {isa = PBXFileReference; lastKnownFileType = sourcecode.c.objc; path = main.m; sourceTree = "<group>"; };
		70DCB8B81C2A117000205FBE /* AppDelegate.h */ = {isa = PBXFileReference; lastKnownFileType = sourcecode.c.h; path = AppDelegate.h; sourceTree = "<group>"; };
		70DCB8B91C2A117000205FBE /* AppDelegate.m */ = {isa = PBXFileReference; lastKnownFileType = sourcecode.c.objc; path = AppDelegate.m; sourceTree = "<group>"; };
		70DCB8BB1C2A117000205FBE /* ViewController.h */ = {isa = PBXFileReference; lastKnownFileType = sourcecode.c.h; path = ViewController.h; sourceTree = "<group>"; };
		70DCB8BC1C2A117000205FBE /* ViewController.m */ = {isa = PBXFileReference; lastKnownFileType = sourcecode.c.objc; path = ViewController.m; sourceTree = "<group>"; };
		70DCB8BF1C2A117000205FBE /* Base */ = {isa = PBXFileReference; lastKnownFileType = file.storyboard; name = Base; path = Base.lproj/Main.storyboard; sourceTree = "<group>"; };
		70DCB8C11C2A117000205FBE /* Assets.xcassets */ = {isa = PBXFileReference; lastKnownFileType = folder.assetcatalog; path = Assets.xcassets; sourceTree = "<group>"; };
		70DCB8C41C2A117000205FBE /* Base */ = {isa = PBXFileReference; lastKnownFileType = file.storyboard; name = Base; path = Base.lproj/LaunchScreen.storyboard; sourceTree = "<group>"; };
		70DCB8C61C2A117000205FBE /* Info.plist */ = {isa = PBXFileReference; lastKnownFileType = text.plist.xml; path = Info.plist; sourceTree = "<group>"; };
		70DCB8CC1C2A125300205FBE /* libc++.tbd */ = {isa = PBXFileReference; lastKnownFileType = "sourcecode.text-based-dylib-definition"; name = "libc++.tbd"; path = "usr/lib/libc++.tbd"; sourceTree = SDKROOT; };
		70DCB8CE1C2A125B00205FBE /* libz.tbd */ = {isa = PBXFileReference; lastKnownFileType = "sourcecode.text-based-dylib-definition"; name = libz.tbd; path = usr/lib/libz.tbd; sourceTree = SDKROOT; };
		70DCB8D01C2A126000205FBE /* SystemConfiguration.framework */ = {isa = PBXFileReference; lastKnownFileType = wrapper.framework; name = SystemConfiguration.framework; path = System/Library/Frameworks/SystemConfiguration.framework; sourceTree = SDKROOT; };
		70DCB8D21C2A126400205FBE /* MobileCoreServices.framework */ = {isa = PBXFileReference; lastKnownFileType = wrapper.framework; name = MobileCoreServices.framework; path = System/Library/Frameworks/MobileCoreServices.framework; sourceTree = SDKROOT; };
		FEB26F3C1D6FA89C006F69C7 /* AdobeCreativeSDKAssetModel.framework */ = {isa = PBXFileReference; lastKnownFileType = wrapper.framework; name = AdobeCreativeSDKAssetModel.framework; path = ../../../../AdobeCreativeSDKDynamicFrameworks/AdobeCreativeSDKAssetModel.framework; sourceTree = "<group>"; };
		FEB26F3D1D6FA89C006F69C7 /* AdobeCreativeSDKCommonUX.framework */ = {isa = PBXFileReference; lastKnownFileType = wrapper.framework; name = AdobeCreativeSDKCommonUX.framework; path = ../../../../AdobeCreativeSDKDynamicFrameworks/AdobeCreativeSDKCommonUX.framework; sourceTree = "<group>"; };
		FEB26F3E1D6FA89C006F69C7 /* AdobeCreativeSDKCore.framework */ = {isa = PBXFileReference; lastKnownFileType = wrapper.framework; name = AdobeCreativeSDKCore.framework; path = ../../../../AdobeCreativeSDKDynamicFrameworks/AdobeCreativeSDKCore.framework; sourceTree = "<group>"; };
/* End PBXFileReference section */

/* Begin PBXFrameworksBuildPhase section */
		70DCB8AF1C2A117000205FBE /* Frameworks */ = {
			isa = PBXFrameworksBuildPhase;
			buildActionMask = 2147483647;
			files = (
				70DCB8D31C2A126400205FBE /* MobileCoreServices.framework in Frameworks */,
				70DCB8D11C2A126000205FBE /* SystemConfiguration.framework in Frameworks */,
				70DCB8CF1C2A125B00205FBE /* libz.tbd in Frameworks */,
				FEB26F421D6FA8AA006F69C7 /* AdobeCreativeSDKAssetModel.framework in Frameworks */,
				FEB26F441D6FA8AA006F69C7 /* AdobeCreativeSDKCommonUX.framework in Frameworks */,
				FEB26F461D6FA8AA006F69C7 /* AdobeCreativeSDKCore.framework in Frameworks */,
				70DCB8CD1C2A125300205FBE /* libc++.tbd in Frameworks */,
			);
			runOnlyForDeploymentPostprocessing = 0;
		};
/* End PBXFrameworksBuildPhase section */

/* Begin PBXGroup section */
		704BA1671C3B2F9600775DA8 /* Linked Binaries */ = {
			isa = PBXGroup;
			children = (
				FEB26F3C1D6FA89C006F69C7 /* AdobeCreativeSDKAssetModel.framework */,
				FEB26F3D1D6FA89C006F69C7 /* AdobeCreativeSDKCommonUX.framework */,
				FEB26F3E1D6FA89C006F69C7 /* AdobeCreativeSDKCore.framework */,
				70DCB8D21C2A126400205FBE /* MobileCoreServices.framework */,
				70DCB8D01C2A126000205FBE /* SystemConfiguration.framework */,
				70DCB8CE1C2A125B00205FBE /* libz.tbd */,
				70DCB8CC1C2A125300205FBE /* libc++.tbd */,
			);
			name = "Linked Binaries";
			path = ..;
			sourceTree = "<group>";
		};
		70DCB8A91C2A117000205FBE = {
			isa = PBXGroup;
			children = (
				70DCB8B41C2A117000205FBE /* File Upload */,
				70DCB8B31C2A117000205FBE /* Products */,
			);
			sourceTree = "<group>";
		};
		70DCB8B31C2A117000205FBE /* Products */ = {
			isa = PBXGroup;
			children = (
				70DCB8B21C2A117000205FBE /* File Upload.app */,
			);
			name = Products;
			sourceTree = "<group>";
		};
		70DCB8B41C2A117000205FBE /* File Upload */ = {
			isa = PBXGroup;
			children = (
				70DCB8B81C2A117000205FBE /* AppDelegate.h */,
				70DCB8B91C2A117000205FBE /* AppDelegate.m */,
				70DCB8BB1C2A117000205FBE /* ViewController.h */,
				70DCB8BC1C2A117000205FBE /* ViewController.m */,
				70DCB8B51C2A117000205FBE /* Supporting Files */,
			);
			path = "File Upload";
			sourceTree = "<group>";
		};
		70DCB8B51C2A117000205FBE /* Supporting Files */ = {
			isa = PBXGroup;
			children = (
				704BA1671C3B2F9600775DA8 /* Linked Binaries */,
				70DCB8C11C2A117000205FBE /* Assets.xcassets */,
				70DCB8BE1C2A117000205FBE /* Main.storyboard */,
				70DCB8C31C2A117000205FBE /* LaunchScreen.storyboard */,
				70DCB8C61C2A117000205FBE /* Info.plist */,
				70DCB8B61C2A117000205FBE /* main.m */,
			);
			name = "Supporting Files";
			sourceTree = "<group>";
		};
/* End PBXGroup section */

/* Begin PBXNativeTarget section */
		70DCB8B11C2A117000205FBE /* File Upload */ = {
			isa = PBXNativeTarget;
			buildConfigurationList = 70DCB8C91C2A117000205FBE /* Build configuration list for PBXNativeTarget "File Upload" */;
			buildPhases = (
				70DCB8AE1C2A117000205FBE /* Sources */,
				70DCB8AF1C2A117000205FBE /* Frameworks */,
				70DCB8B01C2A117000205FBE /* Resources */,
				FEB26F481D6FA8AA006F69C7 /* Embed Frameworks */,
				FEB26F491D6FA8BD006F69C7 /* ShellScript */,
			);
			buildRules = (
			);
			dependencies = (
			);
			name = "File Upload";
			productName = "File Upload";
			productReference = 70DCB8B21C2A117000205FBE /* File Upload.app */;
			productType = "com.apple.product-type.application";
		};
/* End PBXNativeTarget section */

/* Begin PBXProject section */
		70DCB8AA1C2A117000205FBE /* Project object */ = {
			isa = PBXProject;
			attributes = {
				LastUpgradeCheck = 0720;
				ORGANIZATIONNAME = Adobe;
				TargetAttributes = {
					70DCB8B11C2A117000205FBE = {
						CreatedOnToolsVersion = 7.2;
					};
				};
			};
			buildConfigurationList = 70DCB8AD1C2A117000205FBE /* Build configuration list for PBXProject "File Upload" */;
			compatibilityVersion = "Xcode 3.2";
			developmentRegion = English;
			hasScannedForEncodings = 0;
			knownRegions = (
				en,
				Base,
			);
			mainGroup = 70DCB8A91C2A117000205FBE;
			productRefGroup = 70DCB8B31C2A117000205FBE /* Products */;
			projectDirPath = "";
			projectRoot = "";
			targets = (
				70DCB8B11C2A117000205FBE /* File Upload */,
			);
		};
/* End PBXProject section */

/* Begin PBXResourcesBuildPhase section */
		70DCB8B01C2A117000205FBE /* Resources */ = {
			isa = PBXResourcesBuildPhase;
			buildActionMask = 2147483647;
			files = (
				70DCB8C51C2A117000205FBE /* LaunchScreen.storyboard in Resources */,
				70DCB8C21C2A117000205FBE /* Assets.xcassets in Resources */,
				70DCB8C01C2A117000205FBE /* Main.storyboard in Resources */,
			);
			runOnlyForDeploymentPostprocessing = 0;
		};
/* End PBXResourcesBuildPhase section */

/* Begin PBXShellScriptBuildPhase section */
		FEB26F491D6FA8BD006F69C7 /* ShellScript */ = {
			isa = PBXShellScriptBuildPhase;
			buildActionMask = 2147483647;
			files = (
			);
			inputPaths = (
			);
			outputPaths = (
			);
			runOnlyForDeploymentPostprocessing = 0;
			shellPath = /bin/sh;
			shellScript = "bash \"${BUILT_PRODUCTS_DIR}/${FRAMEWORKS_FOLDER_PATH}/AdobeCreativeSDKCore.framework/strip-frameworks.sh\"\nbash \"${BUILT_PRODUCTS_DIR}/${FRAMEWORKS_FOLDER_PATH}/AdobeCreativeSDKAssetModel.framework/strip-frameworks.sh\"\nbash \"${BUILT_PRODUCTS_DIR}/${FRAMEWORKS_FOLDER_PATH}/AdobeCreativeSDKCommonUX.framework/strip-frameworks.sh\"";
		};
/* End PBXShellScriptBuildPhase section */

/* Begin PBXSourcesBuildPhase section */
		70DCB8AE1C2A117000205FBE /* Sources */ = {
			isa = PBXSourcesBuildPhase;
			buildActionMask = 2147483647;
			files = (
				70DCB8BD1C2A117000205FBE /* ViewController.m in Sources */,
				70DCB8BA1C2A117000205FBE /* AppDelegate.m in Sources */,
				70DCB8B71C2A117000205FBE /* main.m in Sources */,
			);
			runOnlyForDeploymentPostprocessing = 0;
		};
/* End PBXSourcesBuildPhase section */

/* Begin PBXVariantGroup section */
		70DCB8BE1C2A117000205FBE /* Main.storyboard */ = {
			isa = PBXVariantGroup;
			children = (
				70DCB8BF1C2A117000205FBE /* Base */,
			);
			name = Main.storyboard;
			sourceTree = "<group>";
		};
		70DCB8C31C2A117000205FBE /* LaunchScreen.storyboard */ = {
			isa = PBXVariantGroup;
			children = (
				70DCB8C41C2A117000205FBE /* Base */,
			);
			name = LaunchScreen.storyboard;
			sourceTree = "<group>";
		};
/* End PBXVariantGroup section */

/* Begin XCBuildConfiguration section */
		70DCB8C71C2A117000205FBE /* Debug */ = {
			isa = XCBuildConfiguration;
			buildSettings = {
				ALWAYS_SEARCH_USER_PATHS = NO;
				CLANG_CXX_LANGUAGE_STANDARD = "gnu++0x";
				CLANG_CXX_LIBRARY = "libc++";
				CLANG_ENABLE_MODULES = YES;
				CLANG_ENABLE_OBJC_ARC = YES;
				CLANG_WARN_BOOL_CONVERSION = YES;
				CLANG_WARN_CONSTANT_CONVERSION = YES;
				CLANG_WARN_DIRECT_OBJC_ISA_USAGE = YES_ERROR;
				CLANG_WARN_EMPTY_BODY = YES;
				CLANG_WARN_ENUM_CONVERSION = YES;
				CLANG_WARN_INT_CONVERSION = YES;
				CLANG_WARN_OBJC_ROOT_CLASS = YES_ERROR;
				CLANG_WARN_UNREACHABLE_CODE = YES;
				CLANG_WARN__DUPLICATE_METHOD_MATCH = YES;
				"CODE_SIGN_IDENTITY[sdk=iphoneos*]" = "iPhone Developer";
				COPY_PHASE_STRIP = NO;
				DEBUG_INFORMATION_FORMAT = dwarf;
				ENABLE_STRICT_OBJC_MSGSEND = YES;
				ENABLE_TESTABILITY = YES;
				GCC_C_LANGUAGE_STANDARD = gnu99;
				GCC_DYNAMIC_NO_PIC = NO;
				GCC_NO_COMMON_BLOCKS = YES;
				GCC_OPTIMIZATION_LEVEL = 0;
				GCC_PREPROCESSOR_DEFINITIONS = (
					"DEBUG=1",
					"$(inherited)",
				);
				GCC_WARN_64_TO_32_BIT_CONVERSION = YES;
				GCC_WARN_ABOUT_RETURN_TYPE = YES_ERROR;
				GCC_WARN_UNDECLARED_SELECTOR = YES;
				GCC_WARN_UNINITIALIZED_AUTOS = YES_AGGRESSIVE;
				GCC_WARN_UNUSED_FUNCTION = YES;
				GCC_WARN_UNUSED_VARIABLE = YES;
				IPHONEOS_DEPLOYMENT_TARGET = 9.2;
				MTL_ENABLE_DEBUG_INFO = YES;
				ONLY_ACTIVE_ARCH = YES;
				SDKROOT = iphoneos;
				TARGETED_DEVICE_FAMILY = "1,2";
			};
			name = Debug;
		};
		70DCB8C81C2A117000205FBE /* Release */ = {
			isa = XCBuildConfiguration;
			buildSettings = {
				ALWAYS_SEARCH_USER_PATHS = NO;
				CLANG_CXX_LANGUAGE_STANDARD = "gnu++0x";
				CLANG_CXX_LIBRARY = "libc++";
				CLANG_ENABLE_MODULES = YES;
				CLANG_ENABLE_OBJC_ARC = YES;
				CLANG_WARN_BOOL_CONVERSION = YES;
				CLANG_WARN_CONSTANT_CONVERSION = YES;
				CLANG_WARN_DIRECT_OBJC_ISA_USAGE = YES_ERROR;
				CLANG_WARN_EMPTY_BODY = YES;
				CLANG_WARN_ENUM_CONVERSION = YES;
				CLANG_WARN_INT_CONVERSION = YES;
				CLANG_WARN_OBJC_ROOT_CLASS = YES_ERROR;
				CLANG_WARN_UNREACHABLE_CODE = YES;
				CLANG_WARN__DUPLICATE_METHOD_MATCH = YES;
				"CODE_SIGN_IDENTITY[sdk=iphoneos*]" = "iPhone Developer";
				COPY_PHASE_STRIP = NO;
				DEBUG_INFORMATION_FORMAT = "dwarf-with-dsym";
				ENABLE_NS_ASSERTIONS = NO;
				ENABLE_STRICT_OBJC_MSGSEND = YES;
				GCC_C_LANGUAGE_STANDARD = gnu99;
				GCC_NO_COMMON_BLOCKS = YES;
				GCC_WARN_64_TO_32_BIT_CONVERSION = YES;
				GCC_WARN_ABOUT_RETURN_TYPE = YES_ERROR;
				GCC_WARN_UNDECLARED_SELECTOR = YES;
				GCC_WARN_UNINITIALIZED_AUTOS = YES_AGGRESSIVE;
				GCC_WARN_UNUSED_FUNCTION = YES;
				GCC_WARN_UNUSED_VARIABLE = YES;
				IPHONEOS_DEPLOYMENT_TARGET = 9.2;
				MTL_ENABLE_DEBUG_INFO = NO;
				SDKROOT = iphoneos;
				TARGETED_DEVICE_FAMILY = "1,2";
				VALIDATE_PRODUCT = YES;
			};
			name = Release;
		};
		70DCB8CA1C2A117000205FBE /* Debug */ = {
			isa = XCBuildConfiguration;
			buildSettings = {
				ASSETCATALOG_COMPILER_APPICON_NAME = AppIcon;
				FRAMEWORK_SEARCH_PATHS = "$(PROJECT_DIR)/../../../../AdobeCreativeSDKDynamicFrameworks";
				GCC_PREPROCESSOR_DEFINITIONS = "$(inherited)";
				INFOPLIST_FILE = "File Upload/Info.plist";
				IPHONEOS_DEPLOYMENT_TARGET = 8.2;
				LD_RUNPATH_SEARCH_PATHS = "$(inherited) @executable_path/Frameworks";
				OTHER_LDFLAGS = "-ObjC";
				PRODUCT_BUNDLE_IDENTIFIER = "com.adobe.csdk-samples.File-Upload";
				PRODUCT_NAME = "$(TARGET_NAME)";
			};
			name = Debug;
		};
		70DCB8CB1C2A117000205FBE /* Release */ = {
			isa = XCBuildConfiguration;
			buildSettings = {
				ASSETCATALOG_COMPILER_APPICON_NAME = AppIcon;
				FRAMEWORK_SEARCH_PATHS = "$(PROJECT_DIR)/../../../../AdobeCreativeSDKDynamicFrameworks";
				GCC_PREPROCESSOR_DEFINITIONS = "";
				INFOPLIST_FILE = "File Upload/Info.plist";
				IPHONEOS_DEPLOYMENT_TARGET = 8.2;
				LD_RUNPATH_SEARCH_PATHS = "$(inherited) @executable_path/Frameworks";
				OTHER_LDFLAGS = "-ObjC";
				PRODUCT_BUNDLE_IDENTIFIER = "com.adobe.csdk-samples.File-Upload";
				PRODUCT_NAME = "$(TARGET_NAME)";
			};
			name = Release;
		};
/* End XCBuildConfiguration section */

/* Begin XCConfigurationList section */
		70DCB8AD1C2A117000205FBE /* Build configuration list for PBXProject "File Upload" */ = {
			isa = XCConfigurationList;
			buildConfigurations = (
				70DCB8C71C2A117000205FBE /* Debug */,
				70DCB8C81C2A117000205FBE /* Release */,
			);
			defaultConfigurationIsVisible = 0;
			defaultConfigurationName = Release;
		};
		70DCB8C91C2A117000205FBE /* Build configuration list for PBXNativeTarget "File Upload" */ = {
			isa = XCConfigurationList;
			buildConfigurations = (
				70DCB8CA1C2A117000205FBE /* Debug */,
				70DCB8CB1C2A117000205FBE /* Release */,
			);
			defaultConfigurationIsVisible = 0;
			defaultConfigurationName = Release;
		};
/* End XCConfigurationList section */
	};
	rootObject = 70DCB8AA1C2A117000205FBE /* Project object */;
}
