// !$*UTF8*$!
{
	archiveVersion = 1;
	classes = {
	};
	objectVersion = 46;
	objects = {

/* Begin PBXBuildFile section */
		538B8B381BF287790013B165 /* AdobeCreativeSDKCore.framework in Frameworks */ = {isa = PBXBuildFile; fileRef = 538B8B371BF287790013B165 /* AdobeCreativeSDKCore.framework */; };
		538B8B3A1BF287800013B165 /* AdobeCreativeSDKLabs.framework in Frameworks */ = {isa = PBXBuildFile; fileRef = 538B8B391BF287800013B165 /* AdobeCreativeSDKLabs.framework */; };
		538B8B401BF287A30013B165 /* AdobeCreativeSDKCoreResources.bundle in Resources */ = {isa = PBXBuildFile; fileRef = 538B8B3F1BF287A30013B165 /* AdobeCreativeSDKCoreResources.bundle */; };
		538B8B421BF287AE0013B165 /* AdobeCreativeSDKLabsResources.bundle in Resources */ = {isa = PBXBuildFile; fileRef = 538B8B411BF287AE0013B165 /* AdobeCreativeSDKLabsResources.bundle */; };
		538B8B431BF288150013B165 /* libc++.tbd in Frameworks */ = {isa = PBXBuildFile; fileRef = 538B8B3B1BF287890013B165 /* libc++.tbd */; };
		B9A741C01BBC7F5C001E7CBC /* main.m in Sources */ = {isa = PBXBuildFile; fileRef = B9A741BF1BBC7F5C001E7CBC /* main.m */; };
		B9A741C31BBC7F5C001E7CBC /* AppDelegate.m in Sources */ = {isa = PBXBuildFile; fileRef = B9A741C21BBC7F5C001E7CBC /* AppDelegate.m */; };
		B9A741C61BBC7F5C001E7CBC /* ViewController.m in Sources */ = {isa = PBXBuildFile; fileRef = B9A741C51BBC7F5C001E7CBC /* ViewController.m */; };
		B9A741C91BBC7F5C001E7CBC /* Main.storyboard in Resources */ = {isa = PBXBuildFile; fileRef = B9A741C71BBC7F5C001E7CBC /* Main.storyboard */; };
		B9A741CB1BBC7F5C001E7CBC /* Assets.xcassets in Resources */ = {isa = PBXBuildFile; fileRef = B9A741CA1BBC7F5C001E7CBC /* Assets.xcassets */; };
		B9A741CE1BBC7F5C001E7CBC /* LaunchScreen.storyboard in Resources */ = {isa = PBXBuildFile; fileRef = B9A741CC1BBC7F5C001E7CBC /* LaunchScreen.storyboard */; };
		B9A741FF1BBC849D001E7CBC /* PathView.m in Sources */ = {isa = PBXBuildFile; fileRef = B9A741FC1BBC849D001E7CBC /* PathView.m */; };
		B9A742001BBC849D001E7CBC /* ViewController+Buttons.m in Sources */ = {isa = PBXBuildFile; fileRef = B9A741FE1BBC849D001E7CBC /* ViewController+Buttons.m */; };
/* End PBXBuildFile section */

/* Begin PBXFileReference section */
		538B8B371BF287790013B165 /* AdobeCreativeSDKCore.framework */ = {isa = PBXFileReference; lastKnownFileType = wrapper.framework; name = AdobeCreativeSDKCore.framework; path = ../AdobeCreativeSDKFrameworks/AdobeCreativeSDKCore.framework; sourceTree = "<group>"; };
		538B8B391BF287800013B165 /* AdobeCreativeSDKLabs.framework */ = {isa = PBXFileReference; lastKnownFileType = wrapper.framework; name = AdobeCreativeSDKLabs.framework; path = ../AdobeCreativeSDKFrameworks/AdobeCreativeSDKLabs.framework; sourceTree = "<group>"; };
		538B8B3B1BF287890013B165 /* libc++.tbd */ = {isa = PBXFileReference; lastKnownFileType = "sourcecode.text-based-dylib-definition"; name = "libc++.tbd"; path = "usr/lib/libc++.tbd"; sourceTree = SDKROOT; };
		538B8B3F1BF287A30013B165 /* AdobeCreativeSDKCoreResources.bundle */ = {isa = PBXFileReference; lastKnownFileType = "wrapper.plug-in"; name = AdobeCreativeSDKCoreResources.bundle; path = ../AdobeCreativeSDKFrameworks/AdobeCreativeSDKCore.framework/Versions/A/Resources/AdobeCreativeSDKCoreResources.bundle; sourceTree = "<group>"; };
		538B8B411BF287AE0013B165 /* AdobeCreativeSDKLabsResources.bundle */ = {isa = PBXFileReference; lastKnownFileType = "wrapper.plug-in"; name = AdobeCreativeSDKLabsResources.bundle; path = ../AdobeCreativeSDKFrameworks/AdobeCreativeSDKLabs.framework/Versions/A/Resources/AdobeCreativeSDKLabsResources.bundle; sourceTree = "<group>"; };
		B9A741BB1BBC7F5C001E7CBC /* MagicPather.app */ = {isa = PBXFileReference; explicitFileType = wrapper.application; includeInIndex = 0; path = MagicPather.app; sourceTree = BUILT_PRODUCTS_DIR; };
		B9A741BF1BBC7F5C001E7CBC /* main.m */ = {isa = PBXFileReference; lastKnownFileType = sourcecode.c.objc; path = main.m; sourceTree = "<group>"; };
		B9A741C11BBC7F5C001E7CBC /* AppDelegate.h */ = {isa = PBXFileReference; lastKnownFileType = sourcecode.c.h; path = AppDelegate.h; sourceTree = "<group>"; };
		B9A741C21BBC7F5C001E7CBC /* AppDelegate.m */ = {isa = PBXFileReference; lastKnownFileType = sourcecode.c.objc; path = AppDelegate.m; sourceTree = "<group>"; };
		B9A741C41BBC7F5C001E7CBC /* ViewController.h */ = {isa = PBXFileReference; lastKnownFileType = sourcecode.c.h; path = ViewController.h; sourceTree = "<group>"; };
		B9A741C51BBC7F5C001E7CBC /* ViewController.m */ = {isa = PBXFileReference; lastKnownFileType = sourcecode.c.objc; path = ViewController.m; sourceTree = "<group>"; };
		B9A741C81BBC7F5C001E7CBC /* Base */ = {isa = PBXFileReference; lastKnownFileType = file.storyboard; name = Base; path = Base.lproj/Main.storyboard; sourceTree = "<group>"; };
		B9A741CA1BBC7F5C001E7CBC /* Assets.xcassets */ = {isa = PBXFileReference; lastKnownFileType = folder.assetcatalog; path = Assets.xcassets; sourceTree = "<group>"; };
		B9A741CD1BBC7F5C001E7CBC /* Base */ = {isa = PBXFileReference; lastKnownFileType = file.storyboard; name = Base; path = Base.lproj/LaunchScreen.storyboard; sourceTree = "<group>"; };
		B9A741CF1BBC7F5C001E7CBC /* Info.plist */ = {isa = PBXFileReference; lastKnownFileType = text.plist.xml; path = Info.plist; sourceTree = "<group>"; };
		B9A741FB1BBC849D001E7CBC /* PathView.h */ = {isa = PBXFileReference; fileEncoding = 4; lastKnownFileType = sourcecode.c.h; path = PathView.h; sourceTree = "<group>"; };
		B9A741FC1BBC849D001E7CBC /* PathView.m */ = {isa = PBXFileReference; fileEncoding = 4; lastKnownFileType = sourcecode.c.objc; path = PathView.m; sourceTree = "<group>"; };
		B9A741FD1BBC849D001E7CBC /* ViewController+Buttons.h */ = {isa = PBXFileReference; fileEncoding = 4; lastKnownFileType = sourcecode.c.h; path = "ViewController+Buttons.h"; sourceTree = "<group>"; };
		B9A741FE1BBC849D001E7CBC /* ViewController+Buttons.m */ = {isa = PBXFileReference; fileEncoding = 4; lastKnownFileType = sourcecode.c.objc; path = "ViewController+Buttons.m"; sourceTree = "<group>"; };
/* End PBXFileReference section */

/* Begin PBXFrameworksBuildPhase section */
		B9A741B81BBC7F5C001E7CBC /* Frameworks */ = {
			isa = PBXFrameworksBuildPhase;
			buildActionMask = 2147483647;
			files = (
				538B8B381BF287790013B165 /* AdobeCreativeSDKCore.framework in Frameworks */,
				538B8B3A1BF287800013B165 /* AdobeCreativeSDKLabs.framework in Frameworks */,
				538B8B431BF288150013B165 /* libc++.tbd in Frameworks */,
			);
			runOnlyForDeploymentPostprocessing = 0;
		};
/* End PBXFrameworksBuildPhase section */

/* Begin PBXGroup section */
		B9A741B21BBC7F5C001E7CBC = {
			isa = PBXGroup;
			children = (
				B9A741E11BBC824B001E7CBC /* Frameworks */,
				B9A741BD1BBC7F5C001E7CBC /* MagicPather */,
				B9A741BC1BBC7F5C001E7CBC /* Products */,
			);
			sourceTree = "<group>";
		};
		B9A741BC1BBC7F5C001E7CBC /* Products */ = {
			isa = PBXGroup;
			children = (
				B9A741BB1BBC7F5C001E7CBC /* MagicPather.app */,
			);
			name = Products;
			sourceTree = "<group>";
		};
		B9A741BD1BBC7F5C001E7CBC /* MagicPather */ = {
			isa = PBXGroup;
			children = (
				B9A741FB1BBC849D001E7CBC /* PathView.h */,
				B9A741FC1BBC849D001E7CBC /* PathView.m */,
				B9A741FD1BBC849D001E7CBC /* ViewController+Buttons.h */,
				B9A741FE1BBC849D001E7CBC /* ViewController+Buttons.m */,
				B9A741C11BBC7F5C001E7CBC /* AppDelegate.h */,
				B9A741C21BBC7F5C001E7CBC /* AppDelegate.m */,
				B9A741C41BBC7F5C001E7CBC /* ViewController.h */,
				B9A741C51BBC7F5C001E7CBC /* ViewController.m */,
				B9A741C71BBC7F5C001E7CBC /* Main.storyboard */,
				B9A741CA1BBC7F5C001E7CBC /* Assets.xcassets */,
				B9A741CC1BBC7F5C001E7CBC /* LaunchScreen.storyboard */,
				B9A741CF1BBC7F5C001E7CBC /* Info.plist */,
				B9A741BE1BBC7F5C001E7CBC /* Supporting Files */,
			);
			path = MagicPather;
			sourceTree = "<group>";
		};
		B9A741BE1BBC7F5C001E7CBC /* Supporting Files */ = {
			isa = PBXGroup;
			children = (
				B9A741BF1BBC7F5C001E7CBC /* main.m */,
			);
			name = "Supporting Files";
			sourceTree = "<group>";
		};
		B9A741E11BBC824B001E7CBC /* Frameworks */ = {
			isa = PBXGroup;
			children = (
				538B8B371BF287790013B165 /* AdobeCreativeSDKCore.framework */,
				538B8B391BF287800013B165 /* AdobeCreativeSDKLabs.framework */,
				538B8B3F1BF287A30013B165 /* AdobeCreativeSDKCoreResources.bundle */,
				538B8B411BF287AE0013B165 /* AdobeCreativeSDKLabsResources.bundle */,
				538B8B3B1BF287890013B165 /* libc++.tbd */,
			);
			name = Frameworks;
			sourceTree = "<group>";
		};
/* End PBXGroup section */

/* Begin PBXNativeTarget section */
		B9A741BA1BBC7F5C001E7CBC /* MagicPather */ = {
			isa = PBXNativeTarget;
			buildConfigurationList = B9A741D21BBC7F5C001E7CBC /* Build configuration list for PBXNativeTarget "MagicPather" */;
			buildPhases = (
				B9A741B71BBC7F5C001E7CBC /* Sources */,
				B9A741B81BBC7F5C001E7CBC /* Frameworks */,
				B9A741B91BBC7F5C001E7CBC /* Resources */,
			);
			buildRules = (
			);
			dependencies = (
			);
			name = MagicPather;
			productName = MagicPather;
			productReference = B9A741BB1BBC7F5C001E7CBC /* MagicPather.app */;
			productType = "com.apple.product-type.application";
		};
/* End PBXNativeTarget section */

/* Begin PBXProject section */
		B9A741B31BBC7F5C001E7CBC /* Project object */ = {
			isa = PBXProject;
			attributes = {
				LastUpgradeCheck = 0700;
				ORGANIZATIONNAME = Adobe;
				TargetAttributes = {
					B9A741BA1BBC7F5C001E7CBC = {
						CreatedOnToolsVersion = 7.0;
					};
				};
			};
			buildConfigurationList = B9A741B61BBC7F5C001E7CBC /* Build configuration list for PBXProject "MagicPather" */;
			compatibilityVersion = "Xcode 3.2";
			developmentRegion = English;
			hasScannedForEncodings = 0;
			knownRegions = (
				en,
				Base,
			);
			mainGroup = B9A741B21BBC7F5C001E7CBC;
			productRefGroup = B9A741BC1BBC7F5C001E7CBC /* Products */;
			projectDirPath = "";
			projectRoot = "";
			targets = (
				B9A741BA1BBC7F5C001E7CBC /* MagicPather */,
			);
		};
/* End PBXProject section */

/* Begin PBXResourcesBuildPhase section */
		B9A741B91BBC7F5C001E7CBC /* Resources */ = {
			isa = PBXResourcesBuildPhase;
			buildActionMask = 2147483647;
			files = (
				538B8B401BF287A30013B165 /* AdobeCreativeSDKCoreResources.bundle in Resources */,
				538B8B421BF287AE0013B165 /* AdobeCreativeSDKLabsResources.bundle in Resources */,
				B9A741CE1BBC7F5C001E7CBC /* LaunchScreen.storyboard in Resources */,
				B9A741CB1BBC7F5C001E7CBC /* Assets.xcassets in Resources */,
				B9A741C91BBC7F5C001E7CBC /* Main.storyboard in Resources */,
			);
			runOnlyForDeploymentPostprocessing = 0;
		};
/* End PBXResourcesBuildPhase section */

/* Begin PBXSourcesBuildPhase section */
		B9A741B71BBC7F5C001E7CBC /* Sources */ = {
			isa = PBXSourcesBuildPhase;
			buildActionMask = 2147483647;
			files = (
				B9A742001BBC849D001E7CBC /* ViewController+Buttons.m in Sources */,
				B9A741C61BBC7F5C001E7CBC /* ViewController.m in Sources */,
				B9A741FF1BBC849D001E7CBC /* PathView.m in Sources */,
				B9A741C31BBC7F5C001E7CBC /* AppDelegate.m in Sources */,
				B9A741C01BBC7F5C001E7CBC /* main.m in Sources */,
			);
			runOnlyForDeploymentPostprocessing = 0;
		};
/* End PBXSourcesBuildPhase section */

/* Begin PBXVariantGroup section */
		B9A741C71BBC7F5C001E7CBC /* Main.storyboard */ = {
			isa = PBXVariantGroup;
			children = (
				B9A741C81BBC7F5C001E7CBC /* Base */,
			);
			name = Main.storyboard;
			sourceTree = "<group>";
		};
		B9A741CC1BBC7F5C001E7CBC /* LaunchScreen.storyboard */ = {
			isa = PBXVariantGroup;
			children = (
				B9A741CD1BBC7F5C001E7CBC /* Base */,
			);
			name = LaunchScreen.storyboard;
			sourceTree = "<group>";
		};
/* End PBXVariantGroup section */

/* Begin XCBuildConfiguration section */
		B9A741D01BBC7F5C001E7CBC /* Debug */ = {
			isa = XCBuildConfiguration;
			buildSettings = {
				ALWAYS_SEARCH_USER_PATHS = NO;
				CLANG_CXX_LANGUAGE_STANDARD = "gnu++0x";
				CLANG_CXX_LIBRARY = "libc++";
				CLANG_ENABLE_MODULES = YES;
				CLANG_ENABLE_OBJC_ARC = YES;
				CLANG_WARN_BOOL_CONVERSION = YES;
				CLANG_WARN_CONSTANT_CONVERSION = YES;
				CLANG_WARN_DIRECT_OBJC_ISA_USAGE = YES_ERROR;
				CLANG_WARN_EMPTY_BODY = YES;
				CLANG_WARN_ENUM_CONVERSION = YES;
				CLANG_WARN_INT_CONVERSION = YES;
				CLANG_WARN_OBJC_ROOT_CLASS = YES_ERROR;
				CLANG_WARN_UNREACHABLE_CODE = YES;
				CLANG_WARN__DUPLICATE_METHOD_MATCH = YES;
				"CODE_SIGN_IDENTITY[sdk=iphoneos*]" = "iPhone Developer";
				COPY_PHASE_STRIP = NO;
				DEBUG_INFORMATION_FORMAT = dwarf;
				ENABLE_STRICT_OBJC_MSGSEND = YES;
				ENABLE_TESTABILITY = YES;
				GCC_C_LANGUAGE_STANDARD = gnu99;
				GCC_DYNAMIC_NO_PIC = NO;
				GCC_NO_COMMON_BLOCKS = YES;
				GCC_OPTIMIZATION_LEVEL = 0;
				GCC_PREPROCESSOR_DEFINITIONS = (
					"DEBUG=1",
					"$(inherited)",
				);
				GCC_WARN_64_TO_32_BIT_CONVERSION = YES;
				GCC_WARN_ABOUT_RETURN_TYPE = YES_ERROR;
				GCC_WARN_UNDECLARED_SELECTOR = YES;
				GCC_WARN_UNINITIALIZED_AUTOS = YES_AGGRESSIVE;
				GCC_WARN_UNUSED_FUNCTION = YES;
				GCC_WARN_UNUSED_VARIABLE = YES;
				IPHONEOS_DEPLOYMENT_TARGET = 8.1;
				MTL_ENABLE_DEBUG_INFO = YES;
				ONLY_ACTIVE_ARCH = YES;
				SDKROOT = iphoneos;
				TARGETED_DEVICE_FAMILY = "1,2";
			};
			name = Debug;
		};
		B9A741D11BBC7F5C001E7CBC /* Release */ = {
			isa = XCBuildConfiguration;
			buildSettings = {
				ALWAYS_SEARCH_USER_PATHS = NO;
				CLANG_CXX_LANGUAGE_STANDARD = "gnu++0x";
				CLANG_CXX_LIBRARY = "libc++";
				CLANG_ENABLE_MODULES = YES;
				CLANG_ENABLE_OBJC_ARC = YES;
				CLANG_WARN_BOOL_CONVERSION = YES;
				CLANG_WARN_CONSTANT_CONVERSION = YES;
				CLANG_WARN_DIRECT_OBJC_ISA_USAGE = YES_ERROR;
				CLANG_WARN_EMPTY_BODY = YES;
				CLANG_WARN_ENUM_CONVERSION = YES;
				CLANG_WARN_INT_CONVERSION = YES;
				CLANG_WARN_OBJC_ROOT_CLASS = YES_ERROR;
				CLANG_WARN_UNREACHABLE_CODE = YES;
				CLANG_WARN__DUPLICATE_METHOD_MATCH = YES;
				"CODE_SIGN_IDENTITY[sdk=iphoneos*]" = "iPhone Developer";
				COPY_PHASE_STRIP = NO;
				DEBUG_INFORMATION_FORMAT = "dwarf-with-dsym";
				ENABLE_NS_ASSERTIONS = NO;
				ENABLE_STRICT_OBJC_MSGSEND = YES;
				GCC_C_LANGUAGE_STANDARD = gnu99;
				GCC_NO_COMMON_BLOCKS = YES;
				GCC_WARN_64_TO_32_BIT_CONVERSION = YES;
				GCC_WARN_ABOUT_RETURN_TYPE = YES_ERROR;
				GCC_WARN_UNDECLARED_SELECTOR = YES;
				GCC_WARN_UNINITIALIZED_AUTOS = YES_AGGRESSIVE;
				GCC_WARN_UNUSED_FUNCTION = YES;
				GCC_WARN_UNUSED_VARIABLE = YES;
				IPHONEOS_DEPLOYMENT_TARGET = 8.1;
				MTL_ENABLE_DEBUG_INFO = NO;
				SDKROOT = iphoneos;
				TARGETED_DEVICE_FAMILY = "1,2";
				VALIDATE_PRODUCT = YES;
			};
			name = Release;
		};
		B9A741D31BBC7F5C001E7CBC /* Debug */ = {
			isa = XCBuildConfiguration;
			buildSettings = {
				ASSETCATALOG_COMPILER_APPICON_NAME = AppIcon;
				ENABLE_BITCODE = NO;
				FRAMEWORK_SEARCH_PATHS = ../AdobeCreativeSDKFrameworks;
				INFOPLIST_FILE = MagicPather/Info.plist;
				IPHONEOS_DEPLOYMENT_TARGET = 8.1;
				LD_RUNPATH_SEARCH_PATHS = "$(inherited) @executable_path/Frameworks";
				OTHER_LDFLAGS = "-ObjC";
				PRODUCT_BUNDLE_IDENTIFIER = com.adobe.MagicPather;
				PRODUCT_NAME = "$(TARGET_NAME)";
				SDKROOT = iphoneos;
			};
			name = Debug;
		};
		B9A741D41BBC7F5C001E7CBC /* Release */ = {
			isa = XCBuildConfiguration;
			buildSettings = {
				ASSETCATALOG_COMPILER_APPICON_NAME = AppIcon;
				ENABLE_BITCODE = NO;
				FRAMEWORK_SEARCH_PATHS = ../AdobeCreativeSDKFrameworks;
				INFOPLIST_FILE = MagicPather/Info.plist;
				IPHONEOS_DEPLOYMENT_TARGET = 8.1;
				LD_RUNPATH_SEARCH_PATHS = "$(inherited) @executable_path/Frameworks";
				OTHER_LDFLAGS = "-ObjC";
				PRODUCT_BUNDLE_IDENTIFIER = com.adobe.MagicPather;
				PRODUCT_NAME = "$(TARGET_NAME)";
				SDKROOT = iphoneos;
			};
			name = Release;
		};
/* End XCBuildConfiguration section */

/* Begin XCConfigurationList section */
		B9A741B61BBC7F5C001E7CBC /* Build configuration list for PBXProject "MagicPather" */ = {
			isa = XCConfigurationList;
			buildConfigurations = (
				B9A741D01BBC7F5C001E7CBC /* Debug */,
				B9A741D11BBC7F5C001E7CBC /* Release */,
			);
			defaultConfigurationIsVisible = 0;
			defaultConfigurationName = Release;
		};
		B9A741D21BBC7F5C001E7CBC /* Build configuration list for PBXNativeTarget "MagicPather" */ = {
			isa = XCConfigurationList;
			buildConfigurations = (
				B9A741D31BBC7F5C001E7CBC /* Debug */,
				B9A741D41BBC7F5C001E7CBC /* Release */,
			);
			defaultConfigurationIsVisible = 0;
			defaultConfigurationName = Release;
		};
/* End XCConfigurationList section */
	};
	rootObject = B9A741B31BBC7F5C001E7CBC /* Project object */;
}
