// !$*UTF8*$!
{
	archiveVersion = 1;
	classes = {
	};
	objectVersion = 46;
	objects = {

/* Begin PBXBuildFile section */
		415091411DA46DD100005229 /* libsqlite3.tbd in Frameworks */ = {isa = PBXBuildFile; fileRef = 415091401DA46DD100005229 /* libsqlite3.tbd */; };
		703AB4961C17B626006C70D9 /* main.m in Sources */ = {isa = PBXBuildFile; fileRef = 703AB4951C17B626006C70D9 /* main.m */; };
		703AB4991C17B626006C70D9 /* AppDelegate.m in Sources */ = {isa = PBXBuildFile; fileRef = 703AB4981C17B626006C70D9 /* AppDelegate.m */; };
		703AB49C1C17B626006C70D9 /* ViewController.m in Sources */ = {isa = PBXBuildFile; fileRef = 703AB49B1C17B626006C70D9 /* ViewController.m */; };
		703AB49F1C17B626006C70D9 /* Main.storyboard in Resources */ = {isa = PBXBuildFile; fileRef = 703AB49D1C17B626006C70D9 /* Main.storyboard */; };
		703AB4A11C17B626006C70D9 /* Assets.xcassets in Resources */ = {isa = PBXBuildFile; fileRef = 703AB4A01C17B626006C70D9 /* Assets.xcassets */; };
		703AB4A41C17B626006C70D9 /* LaunchScreen.storyboard in Resources */ = {isa = PBXBuildFile; fileRef = 703AB4A21C17B626006C70D9 /* LaunchScreen.storyboard */; };
		703AB4AC1C17B660006C70D9 /* libc++.tbd in Frameworks */ = {isa = PBXBuildFile; fileRef = 703AB4AB1C17B660006C70D9 /* libc++.tbd */; };
		703AB4AE1C17B665006C70D9 /* libz.tbd in Frameworks */ = {isa = PBXBuildFile; fileRef = 703AB4AD1C17B665006C70D9 /* libz.tbd */; };
		703AB4B01C17B66B006C70D9 /* SystemConfiguration.framework in Frameworks */ = {isa = PBXBuildFile; fileRef = 703AB4AF1C17B66B006C70D9 /* SystemConfiguration.framework */; };
		703AB4B21C17B66F006C70D9 /* MobileCoreServices.framework in Frameworks */ = {isa = PBXBuildFile; fileRef = 703AB4B11C17B66F006C70D9 /* MobileCoreServices.framework */; };
		FEB26EAE1D6F888E006F69C7 /* AdobeCreativeSDKAssetModel.framework in Frameworks */ = {isa = PBXBuildFile; fileRef = FEB26E791D6F8616006F69C7 /* AdobeCreativeSDKAssetModel.framework */; };
		FEB26EAF1D6F888E006F69C7 /* AdobeCreativeSDKAssetModel.framework in Embed Frameworks */ = {isa = PBXBuildFile; fileRef = FEB26E791D6F8616006F69C7 /* AdobeCreativeSDKAssetModel.framework */; settings = {ATTRIBUTES = (CodeSignOnCopy, RemoveHeadersOnCopy, ); }; };
		FEB26EB01D6F888E006F69C7 /* AdobeCreativeSDKAssetUX.framework in Frameworks */ = {isa = PBXBuildFile; fileRef = FEB26E7A1D6F8616006F69C7 /* AdobeCreativeSDKAssetUX.framework */; };
		FEB26EB11D6F888E006F69C7 /* AdobeCreativeSDKAssetUX.framework in Embed Frameworks */ = {isa = PBXBuildFile; fileRef = FEB26E7A1D6F8616006F69C7 /* AdobeCreativeSDKAssetUX.framework */; settings = {ATTRIBUTES = (CodeSignOnCopy, RemoveHeadersOnCopy, ); }; };
		FEB26EB21D6F888E006F69C7 /* AdobeCreativeSDKCommonUX.framework in Frameworks */ = {isa = PBXBuildFile; fileRef = FEB26E7B1D6F8616006F69C7 /* AdobeCreativeSDKCommonUX.framework */; };
		FEB26EB31D6F888E006F69C7 /* AdobeCreativeSDKCommonUX.framework in Embed Frameworks */ = {isa = PBXBuildFile; fileRef = FEB26E7B1D6F8616006F69C7 /* AdobeCreativeSDKCommonUX.framework */; settings = {ATTRIBUTES = (CodeSignOnCopy, RemoveHeadersOnCopy, ); }; };
		FEB26EB41D6F888E006F69C7 /* AdobeCreativeSDKCore.framework in Frameworks */ = {isa = PBXBuildFile; fileRef = FEB26E7C1D6F8616006F69C7 /* AdobeCreativeSDKCore.framework */; };
		FEB26EB51D6F888E006F69C7 /* AdobeCreativeSDKCore.framework in Embed Frameworks */ = {isa = PBXBuildFile; fileRef = FEB26E7C1D6F8616006F69C7 /* AdobeCreativeSDKCore.framework */; settings = {ATTRIBUTES = (CodeSignOnCopy, RemoveHeadersOnCopy, ); }; };
/* End PBXBuildFile section */

/* Begin PBXCopyFilesBuildPhase section */
		FEB26EB61D6F888E006F69C7 /* Embed Frameworks */ = {
			isa = PBXCopyFilesBuildPhase;
			buildActionMask = 2147483647;
			dstPath = "";
			dstSubfolderSpec = 10;
			files = (
				FEB26EB11D6F888E006F69C7 /* AdobeCreativeSDKAssetUX.framework in Embed Frameworks */,
				FEB26EB31D6F888E006F69C7 /* AdobeCreativeSDKCommonUX.framework in Embed Frameworks */,
				FEB26EAF1D6F888E006F69C7 /* AdobeCreativeSDKAssetModel.framework in Embed Frameworks */,
				FEB26EB51D6F888E006F69C7 /* AdobeCreativeSDKCore.framework in Embed Frameworks */,
			);
			name = "Embed Frameworks";
			runOnlyForDeploymentPostprocessing = 0;
		};
/* End PBXCopyFilesBuildPhase section */

/* Begin PBXFileReference section */
		415091401DA46DD100005229 /* libsqlite3.tbd */ = {isa = PBXFileReference; lastKnownFileType = "sourcecode.text-based-dylib-definition"; name = libsqlite3.tbd; path = usr/lib/libsqlite3.tbd; sourceTree = SDKROOT; };
		703AB4911C17B626006C70D9 /* Asset Browser.app */ = {isa = PBXFileReference; explicitFileType = wrapper.application; includeInIndex = 0; path = "Asset Browser.app"; sourceTree = BUILT_PRODUCTS_DIR; };
		703AB4951C17B626006C70D9 /* main.m */ = {isa = PBXFileReference; lastKnownFileType = sourcecode.c.objc; path = main.m; sourceTree = "<group>"; };
		703AB4971C17B626006C70D9 /* AppDelegate.h */ = {isa = PBXFileReference; lastKnownFileType = sourcecode.c.h; path = AppDelegate.h; sourceTree = "<group>"; };
		703AB4981C17B626006C70D9 /* AppDelegate.m */ = {isa = PBXFileReference; lastKnownFileType = sourcecode.c.objc; path = AppDelegate.m; sourceTree = "<group>"; };
		703AB49A1C17B626006C70D9 /* ViewController.h */ = {isa = PBXFileReference; lastKnownFileType = sourcecode.c.h; path = ViewController.h; sourceTree = "<group>"; };
		703AB49B1C17B626006C70D9 /* ViewController.m */ = {isa = PBXFileReference; lastKnownFileType = sourcecode.c.objc; path = ViewController.m; sourceTree = "<group>"; };
		703AB49E1C17B626006C70D9 /* Base */ = {isa = PBXFileReference; lastKnownFileType = file.storyboard; name = Base; path = Base.lproj/Main.storyboard; sourceTree = "<group>"; };
		703AB4A01C17B626006C70D9 /* Assets.xcassets */ = {isa = PBXFileReference; lastKnownFileType = folder.assetcatalog; path = Assets.xcassets; sourceTree = "<group>"; };
		703AB4A31C17B626006C70D9 /* Base */ = {isa = PBXFileReference; lastKnownFileType = file.storyboard; name = Base; path = Base.lproj/LaunchScreen.storyboard; sourceTree = "<group>"; };
		703AB4A51C17B626006C70D9 /* Info.plist */ = {isa = PBXFileReference; lastKnownFileType = text.plist.xml; path = Info.plist; sourceTree = "<group>"; };
		703AB4AB1C17B660006C70D9 /* libc++.tbd */ = {isa = PBXFileReference; lastKnownFileType = "sourcecode.text-based-dylib-definition"; name = "libc++.tbd"; path = "usr/lib/libc++.tbd"; sourceTree = SDKROOT; };
		703AB4AD1C17B665006C70D9 /* libz.tbd */ = {isa = PBXFileReference; lastKnownFileType = "sourcecode.text-based-dylib-definition"; name = libz.tbd; path = usr/lib/libz.tbd; sourceTree = SDKROOT; };
		703AB4AF1C17B66B006C70D9 /* SystemConfiguration.framework */ = {isa = PBXFileReference; lastKnownFileType = wrapper.framework; name = SystemConfiguration.framework; path = System/Library/Frameworks/SystemConfiguration.framework; sourceTree = SDKROOT; };
		703AB4B11C17B66F006C70D9 /* MobileCoreServices.framework */ = {isa = PBXFileReference; lastKnownFileType = wrapper.framework; name = MobileCoreServices.framework; path = System/Library/Frameworks/MobileCoreServices.framework; sourceTree = SDKROOT; };
		FEB26E791D6F8616006F69C7 /* AdobeCreativeSDKAssetModel.framework */ = {isa = PBXFileReference; lastKnownFileType = wrapper.framework; name = AdobeCreativeSDKAssetModel.framework; path = ../../../../AdobeCreativeSDKDynamicFrameworks/AdobeCreativeSDKAssetModel.framework; sourceTree = "<group>"; };
		FEB26E7A1D6F8616006F69C7 /* AdobeCreativeSDKAssetUX.framework */ = {isa = PBXFileReference; lastKnownFileType = wrapper.framework; name = AdobeCreativeSDKAssetUX.framework; path = ../../../../AdobeCreativeSDKDynamicFrameworks/AdobeCreativeSDKAssetUX.framework; sourceTree = "<group>"; };
		FEB26E7B1D6F8616006F69C7 /* AdobeCreativeSDKCommonUX.framework */ = {isa = PBXFileReference; lastKnownFileType = wrapper.framework; name = AdobeCreativeSDKCommonUX.framework; path = ../../../../AdobeCreativeSDKDynamicFrameworks/AdobeCreativeSDKCommonUX.framework; sourceTree = "<group>"; };
		FEB26E7C1D6F8616006F69C7 /* AdobeCreativeSDKCore.framework */ = {isa = PBXFileReference; lastKnownFileType = wrapper.framework; name = AdobeCreativeSDKCore.framework; path = ../../../../AdobeCreativeSDKDynamicFrameworks/AdobeCreativeSDKCore.framework; sourceTree = "<group>"; };
/* End PBXFileReference section */

/* Begin PBXFrameworksBuildPhase section */
		703AB48E1C17B626006C70D9 /* Frameworks */ = {
			isa = PBXFrameworksBuildPhase;
			buildActionMask = 2147483647;
			files = (
				FEB26EB41D6F888E006F69C7 /* AdobeCreativeSDKCore.framework in Frameworks */,
				FEB26EB21D6F888E006F69C7 /* AdobeCreativeSDKCommonUX.framework in Frameworks */,
				FEB26EAE1D6F888E006F69C7 /* AdobeCreativeSDKAssetModel.framework in Frameworks */,
				FEB26EB01D6F888E006F69C7 /* AdobeCreativeSDKAssetUX.framework in Frameworks */,
				703AB4AC1C17B660006C70D9 /* libc++.tbd in Frameworks */,
				415091411DA46DD100005229 /* libsqlite3.tbd in Frameworks */,
				703AB4AE1C17B665006C70D9 /* libz.tbd in Frameworks */,
				703AB4B21C17B66F006C70D9 /* MobileCoreServices.framework in Frameworks */,
				703AB4B01C17B66B006C70D9 /* SystemConfiguration.framework in Frameworks */,
			);
			runOnlyForDeploymentPostprocessing = 0;
		};
/* End PBXFrameworksBuildPhase section */

/* Begin PBXGroup section */
		703AB4881C17B626006C70D9 = {
			isa = PBXGroup;
			children = (
				703AB4931C17B626006C70D9 /* Asset Browser */,
				703AB4921C17B626006C70D9 /* Products */,
			);
			sourceTree = "<group>";
		};
		703AB4921C17B626006C70D9 /* Products */ = {
			isa = PBXGroup;
			children = (
				703AB4911C17B626006C70D9 /* Asset Browser.app */,
			);
			name = Products;
			sourceTree = "<group>";
		};
		703AB4931C17B626006C70D9 /* Asset Browser */ = {
			isa = PBXGroup;
			children = (
				703AB4971C17B626006C70D9 /* AppDelegate.h */,
				703AB4981C17B626006C70D9 /* AppDelegate.m */,
				703AB49A1C17B626006C70D9 /* ViewController.h */,
				703AB49B1C17B626006C70D9 /* ViewController.m */,
				703AB4941C17B626006C70D9 /* Supporting Files */,
			);
			path = "Asset Browser";
			sourceTree = "<group>";
		};
		703AB4941C17B626006C70D9 /* Supporting Files */ = {
			isa = PBXGroup;
			children = (
				703AB4E21C18E1C6006C70D9 /* Linked Binaries */,
				703AB4A01C17B626006C70D9 /* Assets.xcassets */,
				703AB49D1C17B626006C70D9 /* Main.storyboard */,
				703AB4A21C17B626006C70D9 /* LaunchScreen.storyboard */,
				703AB4A51C17B626006C70D9 /* Info.plist */,
				703AB4951C17B626006C70D9 /* main.m */,
			);
			name = "Supporting Files";
			sourceTree = "<group>";
		};
		703AB4E21C18E1C6006C70D9 /* Linked Binaries */ = {
			isa = PBXGroup;
			children = (
				FEB26E791D6F8616006F69C7 /* AdobeCreativeSDKAssetModel.framework */,
				FEB26E7A1D6F8616006F69C7 /* AdobeCreativeSDKAssetUX.framework */,
				FEB26E7B1D6F8616006F69C7 /* AdobeCreativeSDKCommonUX.framework */,
				FEB26E7C1D6F8616006F69C7 /* AdobeCreativeSDKCore.framework */,
				703AB4AB1C17B660006C70D9 /* libc++.tbd */,
				415091401DA46DD100005229 /* libsqlite3.tbd */,
				703AB4AD1C17B665006C70D9 /* libz.tbd */,
				703AB4B11C17B66F006C70D9 /* MobileCoreServices.framework */,
				703AB4AF1C17B66B006C70D9 /* SystemConfiguration.framework */,
			);
			name = "Linked Binaries";
			path = ..;
			sourceTree = "<group>";
		};
/* End PBXGroup section */

/* Begin PBXNativeTarget section */
		703AB4901C17B626006C70D9 /* Asset Browser */ = {
			isa = PBXNativeTarget;
			buildConfigurationList = 703AB4A81C17B626006C70D9 /* Build configuration list for PBXNativeTarget "Asset Browser" */;
			buildPhases = (
				703AB48D1C17B626006C70D9 /* Sources */,
				703AB48E1C17B626006C70D9 /* Frameworks */,
				703AB48F1C17B626006C70D9 /* Resources */,
				FEB26EB61D6F888E006F69C7 /* Embed Frameworks */,
				FEB26EAD1D6F8745006F69C7 /* ShellScript */,
			);
			buildRules = (
			);
			dependencies = (
			);
			name = "Asset Browser";
			productName = "Asset Browser";
			productReference = 703AB4911C17B626006C70D9 /* Asset Browser.app */;
			productType = "com.apple.product-type.application";
		};
/* End PBXNativeTarget section */

/* Begin PBXProject section */
		703AB4891C17B626006C70D9 /* Project object */ = {
			isa = PBXProject;
			attributes = {
				LastUpgradeCheck = 0710;
				ORGANIZATIONNAME = Adobe;
				TargetAttributes = {
					703AB4901C17B626006C70D9 = {
						CreatedOnToolsVersion = 7.1.1;
					};
				};
			};
			buildConfigurationList = 703AB48C1C17B626006C70D9 /* Build configuration list for PBXProject "Asset Browser" */;
			compatibilityVersion = "Xcode 3.2";
			developmentRegion = English;
			hasScannedForEncodings = 0;
			knownRegions = (
				en,
				Base,
			);
			mainGroup = 703AB4881C17B626006C70D9;
			productRefGroup = 703AB4921C17B626006C70D9 /* Products */;
			projectDirPath = "";
			projectRoot = "";
			targets = (
				703AB4901C17B626006C70D9 /* Asset Browser */,
			);
		};
/* End PBXProject section */

/* Begin PBXResourcesBuildPhase section */
		703AB48F1C17B626006C70D9 /* Resources */ = {
			isa = PBXResourcesBuildPhase;
			buildActionMask = 2147483647;
			files = (
				703AB4A41C17B626006C70D9 /* LaunchScreen.storyboard in Resources */,
				703AB4A11C17B626006C70D9 /* Assets.xcassets in Resources */,
				703AB49F1C17B626006C70D9 /* Main.storyboard in Resources */,
			);
			runOnlyForDeploymentPostprocessing = 0;
		};
/* End PBXResourcesBuildPhase section */

/* Begin PBXShellScriptBuildPhase section */
		FEB26EAD1D6F8745006F69C7 /* ShellScript */ = {
			isa = PBXShellScriptBuildPhase;
			buildActionMask = 2147483647;
			files = (
			);
			inputPaths = (
			);
			outputPaths = (
			);
			runOnlyForDeploymentPostprocessing = 0;
			shellPath = /bin/sh;
			shellScript = "bash \"${BUILT_PRODUCTS_DIR}/${FRAMEWORKS_FOLDER_PATH}/AdobeCreativeSDKCore.framework/strip-frameworks.sh\"\nbash \"${BUILT_PRODUCTS_DIR}/${FRAMEWORKS_FOLDER_PATH}/AdobeCreativeSDKAssetModel.framework/strip-frameworks.sh\"\nbash \"${BUILT_PRODUCTS_DIR}/${FRAMEWORKS_FOLDER_PATH}/AdobeCreativeSDKCommonUX.framework/strip-frameworks.sh\"\nbash \"${BUILT_PRODUCTS_DIR}/${FRAMEWORKS_FOLDER_PATH}/AdobeCreativeSDKAssetUX.framework/strip-frameworks.sh\"";
		};
/* End PBXShellScriptBuildPhase section */

/* Begin PBXSourcesBuildPhase section */
		703AB48D1C17B626006C70D9 /* Sources */ = {
			isa = PBXSourcesBuildPhase;
			buildActionMask = 2147483647;
			files = (
				703AB49C1C17B626006C70D9 /* ViewController.m in Sources */,
				703AB4991C17B626006C70D9 /* AppDelegate.m in Sources */,
				703AB4961C17B626006C70D9 /* main.m in Sources */,
			);
			runOnlyForDeploymentPostprocessing = 0;
		};
/* End PBXSourcesBuildPhase section */

/* Begin PBXVariantGroup section */
		703AB49D1C17B626006C70D9 /* Main.storyboard */ = {
			isa = PBXVariantGroup;
			children = (
				703AB49E1C17B626006C70D9 /* Base */,
			);
			name = Main.storyboard;
			sourceTree = "<group>";
		};
		703AB4A21C17B626006C70D9 /* LaunchScreen.storyboard */ = {
			isa = PBXVariantGroup;
			children = (
				703AB4A31C17B626006C70D9 /* Base */,
			);
			name = LaunchScreen.storyboard;
			sourceTree = "<group>";
		};
/* End PBXVariantGroup section */

/* Begin XCBuildConfiguration section */
		703AB4A61C17B626006C70D9 /* Debug */ = {
			isa = XCBuildConfiguration;
			buildSettings = {
				ALWAYS_SEARCH_USER_PATHS = NO;
				CLANG_CXX_LANGUAGE_STANDARD = "gnu++0x";
				CLANG_CXX_LIBRARY = "libc++";
				CLANG_ENABLE_MODULES = YES;
				CLANG_ENABLE_OBJC_ARC = YES;
				CLANG_WARN_BOOL_CONVERSION = YES;
				CLANG_WARN_CONSTANT_CONVERSION = YES;
				CLANG_WARN_DIRECT_OBJC_ISA_USAGE = YES_ERROR;
				CLANG_WARN_EMPTY_BODY = YES;
				CLANG_WARN_ENUM_CONVERSION = YES;
				CLANG_WARN_INT_CONVERSION = YES;
				CLANG_WARN_OBJC_ROOT_CLASS = YES_ERROR;
				CLANG_WARN_UNREACHABLE_CODE = YES;
				CLANG_WARN__DUPLICATE_METHOD_MATCH = YES;
				"CODE_SIGN_IDENTITY[sdk=iphoneos*]" = "iPhone Developer";
				COPY_PHASE_STRIP = NO;
				DEBUG_INFORMATION_FORMAT = dwarf;
				ENABLE_STRICT_OBJC_MSGSEND = YES;
				ENABLE_TESTABILITY = YES;
				GCC_C_LANGUAGE_STANDARD = gnu99;
				GCC_DYNAMIC_NO_PIC = NO;
				GCC_NO_COMMON_BLOCKS = YES;
				GCC_OPTIMIZATION_LEVEL = 0;
				GCC_PREPROCESSOR_DEFINITIONS = (
					"DEBUG=1",
					"$(inherited)",
				);
				GCC_WARN_64_TO_32_BIT_CONVERSION = YES;
				GCC_WARN_ABOUT_RETURN_TYPE = YES_ERROR;
				GCC_WARN_UNDECLARED_SELECTOR = YES;
				GCC_WARN_UNINITIALIZED_AUTOS = YES_AGGRESSIVE;
				GCC_WARN_UNUSED_FUNCTION = YES;
				GCC_WARN_UNUSED_VARIABLE = YES;
				IPHONEOS_DEPLOYMENT_TARGET = 9.3;
				MTL_ENABLE_DEBUG_INFO = YES;
				ONLY_ACTIVE_ARCH = YES;
				SDKROOT = iphoneos;
				TARGETED_DEVICE_FAMILY = "1,2";
			};
			name = Debug;
		};
		703AB4A71C17B626006C70D9 /* Release */ = {
			isa = XCBuildConfiguration;
			buildSettings = {
				ALWAYS_SEARCH_USER_PATHS = NO;
				CLANG_CXX_LANGUAGE_STANDARD = "gnu++0x";
				CLANG_CXX_LIBRARY = "libc++";
				CLANG_ENABLE_MODULES = YES;
				CLANG_ENABLE_OBJC_ARC = YES;
				CLANG_WARN_BOOL_CONVERSION = YES;
				CLANG_WARN_CONSTANT_CONVERSION = YES;
				CLANG_WARN_DIRECT_OBJC_ISA_USAGE = YES_ERROR;
				CLANG_WARN_EMPTY_BODY = YES;
				CLANG_WARN_ENUM_CONVERSION = YES;
				CLANG_WARN_INT_CONVERSION = YES;
				CLANG_WARN_OBJC_ROOT_CLASS = YES_ERROR;
				CLANG_WARN_UNREACHABLE_CODE = YES;
				CLANG_WARN__DUPLICATE_METHOD_MATCH = YES;
				"CODE_SIGN_IDENTITY[sdk=iphoneos*]" = "iPhone Developer";
				COPY_PHASE_STRIP = NO;
				DEBUG_INFORMATION_FORMAT = "dwarf-with-dsym";
				ENABLE_NS_ASSERTIONS = NO;
				ENABLE_STRICT_OBJC_MSGSEND = YES;
				GCC_C_LANGUAGE_STANDARD = gnu99;
				GCC_NO_COMMON_BLOCKS = YES;
				GCC_WARN_64_TO_32_BIT_CONVERSION = YES;
				GCC_WARN_ABOUT_RETURN_TYPE = YES_ERROR;
				GCC_WARN_UNDECLARED_SELECTOR = YES;
				GCC_WARN_UNINITIALIZED_AUTOS = YES_AGGRESSIVE;
				GCC_WARN_UNUSED_FUNCTION = YES;
				GCC_WARN_UNUSED_VARIABLE = YES;
				IPHONEOS_DEPLOYMENT_TARGET = 9.3;
				MTL_ENABLE_DEBUG_INFO = NO;
				SDKROOT = iphoneos;
				TARGETED_DEVICE_FAMILY = "1,2";
				VALIDATE_PRODUCT = YES;
			};
			name = Release;
		};
		703AB4A91C17B626006C70D9 /* Debug */ = {
			isa = XCBuildConfiguration;
			buildSettings = {
				ASSETCATALOG_COMPILER_APPICON_NAME = AppIcon;
				FRAMEWORK_SEARCH_PATHS = (
					"$(inherited)",
					"$(PROJECT_DIR)",
					../../../../AdobeCreativeSDKDynamicFrameworks,
				);
				GCC_PREPROCESSOR_DEFINITIONS = "$(inherited)";
				INFOPLIST_FILE = "Asset Browser/Info.plist";
				LD_RUNPATH_SEARCH_PATHS = "$(inherited) @executable_path/Frameworks";
				PRODUCT_BUNDLE_IDENTIFIER = "com.adobe.csdk-samples.Asset-Browser";
				PRODUCT_NAME = "$(TARGET_NAME)";
			};
			name = Debug;
		};
		703AB4AA1C17B626006C70D9 /* Release */ = {
			isa = XCBuildConfiguration;
			buildSettings = {
				ASSETCATALOG_COMPILER_APPICON_NAME = AppIcon;
				FRAMEWORK_SEARCH_PATHS = (
					"$(inherited)",
					"$(PROJECT_DIR)",
					../../../../AdobeCreativeSDKDynamicFrameworks,
				);
				GCC_PREPROCESSOR_DEFINITIONS = "";
				INFOPLIST_FILE = "Asset Browser/Info.plist";
				LD_RUNPATH_SEARCH_PATHS = "$(inherited) @executable_path/Frameworks";
				PRODUCT_BUNDLE_IDENTIFIER = "com.adobe.csdk-samples.Asset-Browser";
				PRODUCT_NAME = "$(TARGET_NAME)";
			};
			name = Release;
		};
/* End XCBuildConfiguration section */

/* Begin XCConfigurationList section */
		703AB48C1C17B626006C70D9 /* Build configuration list for PBXProject "Asset Browser" */ = {
			isa = XCConfigurationList;
			buildConfigurations = (
				703AB4A61C17B626006C70D9 /* Debug */,
				703AB4A71C17B626006C70D9 /* Release */,
			);
			defaultConfigurationIsVisible = 0;
			defaultConfigurationName = Release;
		};
		703AB4A81C17B626006C70D9 /* Build configuration list for PBXNativeTarget "Asset Browser" */ = {
			isa = XCConfigurationList;
			buildConfigurations = (
				703AB4A91C17B626006C70D9 /* Debug */,
				703AB4AA1C17B626006C70D9 /* Release */,
			);
			defaultConfigurationIsVisible = 0;
			defaultConfigurationName = Release;
		};
/* End XCConfigurationList section */
	};
	rootObject = 703AB4891C17B626006C70D9 /* Project object */;
}
